// !$*UTF8*$!
{
	archiveVersion = 1;
	classes = {
	};
	objectVersion = 56;
	objects = {

/* Begin PBXBuildFile section */
		3A042F252CB6C0B00035FF8E /* MainContentView.swift in Sources */ = {isa = PBXBuildFile; fileRef = 3A042F242CB6C0AD0035FF8E /* MainContentView.swift */; };
		3A042F272CB6CB990035FF8E /* QRCodeView.swift in Sources */ = {isa = PBXBuildFile; fileRef = 3A042F262CB6CB900035FF8E /* QRCodeView.swift */; };
		3A042F292CB6CDD20035FF8E /* QRCodeTests.swift in Sources */ = {isa = PBXBuildFile; fileRef = 3A042F282CB6CDCC0035FF8E /* QRCodeTests.swift */; };
		3A84D58E2CB3D3270017D76E /* InfoBoxView.swift in Sources */ = {isa = PBXBuildFile; fileRef = 3A84D5872CB3D3270017D76E /* InfoBoxView.swift */; };
		3A84D58F2CB3D3270017D76E /* DocumentView.swift in Sources */ = {isa = PBXBuildFile; fileRef = 3A84D58A2CB3D3270017D76E /* DocumentView.swift */; };
		3A84D5902CB3D3270017D76E /* libIso18013_exampleApp.swift in Sources */ = {isa = PBXBuildFile; fileRef = 3A84D58C2CB3D3270017D76E /* libIso18013_exampleApp.swift */; };
		3A84D5912CB3D3270017D76E /* Preview Assets.xcassets in Resources */ = {isa = PBXBuildFile; fileRef = 3A84D5852CB3D3270017D76E /* Preview Assets.xcassets */; };
		3A84D5922CB3D3270017D76E /* Assets.xcassets in Resources */ = {isa = PBXBuildFile; fileRef = 3A84D5892CB3D3270017D76E /* Assets.xcassets */; };
		3A84D5952CB3D32B0017D76E /* libIso18013_exampleTests.swift in Sources */ = {isa = PBXBuildFile; fileRef = 3A84D5932CB3D32B0017D76E /* libIso18013_exampleTests.swift */; };
		3A84D5992CB3D32E0017D76E /* libIso18013_exampleUITests.swift in Sources */ = {isa = PBXBuildFile; fileRef = 3A84D5962CB3D32E0017D76E /* libIso18013_exampleUITests.swift */; };
		3A84D59A2CB3D32E0017D76E /* libIso18013_exampleUITestsLaunchTests.swift in Sources */ = {isa = PBXBuildFile; fileRef = 3A84D5972CB3D32E0017D76E /* libIso18013_exampleUITestsLaunchTests.swift */; };
		3A868AC12CBE64C700B35976 /* QRCode.swift in Sources */ = {isa = PBXBuildFile; fileRef = 3A868AC02CBE64C700B35976 /* QRCode.swift */; };
		3AEC7E002CB3D73F00606D7E /* mdl.swift in Sources */ = {isa = PBXBuildFile; fileRef = 3AEC7DFF2CB3D73C00606D7E /* mdl.swift */; };
		3AEC7E032CB3DD3200606D7E /* CustomTextField.swift in Sources */ = {isa = PBXBuildFile; fileRef = 3AEC7E022CB3DD3200606D7E /* CustomTextField.swift */; };
		3AEC7E052CB3E00600606D7E /* CustomButton.swift in Sources */ = {isa = PBXBuildFile; fileRef = 3AEC7E042CB3E00200606D7E /* CustomButton.swift */; };
		3AEC7E082CB40EEE00606D7E /* Data+Image.swift in Sources */ = {isa = PBXBuildFile; fileRef = 3AEC7E072CB40EEA00606D7E /* Data+Image.swift */; };
		3AEC7E0A2CB40F8100606D7E /* ManageNameSpaces.swift in Sources */ = {isa = PBXBuildFile; fileRef = 3AEC7E092CB40F7300606D7E /* ManageNameSpaces.swift */; };
		3D14E76C2CB53B0B00E15A46 /* Cose1SignView.swift in Sources */ = {isa = PBXBuildFile; fileRef = 3D14E76B2CB53B0B00E15A46 /* Cose1SignView.swift */; };
		3D179CBE2CB96B5C0061DFDC /* DocumentDAOView.swift in Sources */ = {isa = PBXBuildFile; fileRef = 3D179CBD2CB96B560061DFDC /* DocumentDAOView.swift */; };
		8230C221AD49417DF2360796 /* Pods_libIso18013_example.framework in Frameworks */ = {isa = PBXBuildFile; fileRef = 95CD9B82FD038B54FE306512 /* Pods_libIso18013_example.framework */; };
		CD81E3E034A37F340713C691 /* Pods_libIso18013_example_libIso18013_exampleUITests.framework in Frameworks */ = {isa = PBXBuildFile; fileRef = ECAC2A983064AE4FF4CD6361 /* Pods_libIso18013_example_libIso18013_exampleUITests.framework */; };
		E3212A89CEE7FE86B2BD0676 /* Pods_libIso18013_exampleTests.framework in Frameworks */ = {isa = PBXBuildFile; fileRef = B0DC521790B4DF1C8E5F4D64 /* Pods_libIso18013_exampleTests.framework */; };
/* End PBXBuildFile section */

/* Begin PBXContainerItemProxy section */
		3AC6965D2CB2FF1300871580 /* PBXContainerItemProxy */ = {
			isa = PBXContainerItemProxy;
			containerPortal = 3AC696432CB2FF1200871580 /* Project object */;
			proxyType = 1;
			remoteGlobalIDString = 3AC6964A2CB2FF1200871580;
			remoteInfo = "libIso18013-example";
		};
		3AC696672CB2FF1300871580 /* PBXContainerItemProxy */ = {
			isa = PBXContainerItemProxy;
			containerPortal = 3AC696432CB2FF1200871580 /* Project object */;
			proxyType = 1;
			remoteGlobalIDString = 3AC6964A2CB2FF1200871580;
			remoteInfo = "libIso18013-example";
		};
/* End PBXContainerItemProxy section */

/* Begin PBXFileReference section */
		3A042F242CB6C0AD0035FF8E /* MainContentView.swift */ = {isa = PBXFileReference; lastKnownFileType = sourcecode.swift; path = MainContentView.swift; sourceTree = "<group>"; };
		3A042F262CB6CB900035FF8E /* QRCodeView.swift */ = {isa = PBXFileReference; lastKnownFileType = sourcecode.swift; path = QRCodeView.swift; sourceTree = "<group>"; };
		3A042F282CB6CDCC0035FF8E /* QRCodeTests.swift */ = {isa = PBXFileReference; lastKnownFileType = sourcecode.swift; path = QRCodeTests.swift; sourceTree = "<group>"; };
		3A84D5852CB3D3270017D76E /* Preview Assets.xcassets */ = {isa = PBXFileReference; lastKnownFileType = folder.assetcatalog; path = "Preview Assets.xcassets"; sourceTree = "<group>"; };
		3A84D5872CB3D3270017D76E /* InfoBoxView.swift */ = {isa = PBXFileReference; lastKnownFileType = sourcecode.swift; path = InfoBoxView.swift; sourceTree = "<group>"; };
		3A84D5892CB3D3270017D76E /* Assets.xcassets */ = {isa = PBXFileReference; lastKnownFileType = folder.assetcatalog; path = Assets.xcassets; sourceTree = "<group>"; };
		3A84D58A2CB3D3270017D76E /* DocumentView.swift */ = {isa = PBXFileReference; lastKnownFileType = sourcecode.swift; path = DocumentView.swift; sourceTree = "<group>"; };
		3A84D58B2CB3D3270017D76E /* libIso18013_example.entitlements */ = {isa = PBXFileReference; lastKnownFileType = text.plist.entitlements; path = libIso18013_example.entitlements; sourceTree = "<group>"; };
		3A84D58C2CB3D3270017D76E /* libIso18013_exampleApp.swift */ = {isa = PBXFileReference; lastKnownFileType = sourcecode.swift; path = libIso18013_exampleApp.swift; sourceTree = "<group>"; };
		3A84D5932CB3D32B0017D76E /* libIso18013_exampleTests.swift */ = {isa = PBXFileReference; lastKnownFileType = sourcecode.swift; path = libIso18013_exampleTests.swift; sourceTree = "<group>"; };
		3A84D5962CB3D32E0017D76E /* libIso18013_exampleUITests.swift */ = {isa = PBXFileReference; lastKnownFileType = sourcecode.swift; path = libIso18013_exampleUITests.swift; sourceTree = "<group>"; };
		3A84D5972CB3D32E0017D76E /* libIso18013_exampleUITestsLaunchTests.swift */ = {isa = PBXFileReference; lastKnownFileType = sourcecode.swift; path = libIso18013_exampleUITestsLaunchTests.swift; sourceTree = "<group>"; };
		3A868AC02CBE64C700B35976 /* QRCode.swift */ = {isa = PBXFileReference; lastKnownFileType = sourcecode.swift; path = QRCode.swift; sourceTree = "<group>"; };
		3AC6964B2CB2FF1200871580 /* libIso18013-example.app */ = {isa = PBXFileReference; explicitFileType = wrapper.application; includeInIndex = 0; path = "libIso18013-example.app"; sourceTree = BUILT_PRODUCTS_DIR; };
		3AC6965C2CB2FF1300871580 /* libIso18013-exampleTests.xctest */ = {isa = PBXFileReference; explicitFileType = wrapper.cfbundle; includeInIndex = 0; path = "libIso18013-exampleTests.xctest"; sourceTree = BUILT_PRODUCTS_DIR; };
		3AC696662CB2FF1300871580 /* libIso18013-exampleUITests.xctest */ = {isa = PBXFileReference; explicitFileType = wrapper.cfbundle; includeInIndex = 0; path = "libIso18013-exampleUITests.xctest"; sourceTree = BUILT_PRODUCTS_DIR; };
		3AEC7DFF2CB3D73C00606D7E /* mdl.swift */ = {isa = PBXFileReference; lastKnownFileType = sourcecode.swift; path = mdl.swift; sourceTree = "<group>"; };
		3AEC7E022CB3DD3200606D7E /* CustomTextField.swift */ = {isa = PBXFileReference; lastKnownFileType = sourcecode.swift; path = CustomTextField.swift; sourceTree = "<group>"; };
		3AEC7E042CB3E00200606D7E /* CustomButton.swift */ = {isa = PBXFileReference; lastKnownFileType = sourcecode.swift; path = CustomButton.swift; sourceTree = "<group>"; };
		3AEC7E072CB40EEA00606D7E /* Data+Image.swift */ = {isa = PBXFileReference; lastKnownFileType = sourcecode.swift; path = "Data+Image.swift"; sourceTree = "<group>"; };
		3AEC7E092CB40F7300606D7E /* ManageNameSpaces.swift */ = {isa = PBXFileReference; lastKnownFileType = sourcecode.swift; path = ManageNameSpaces.swift; sourceTree = "<group>"; };
		3D14E76B2CB53B0B00E15A46 /* Cose1SignView.swift */ = {isa = PBXFileReference; lastKnownFileType = sourcecode.swift; path = Cose1SignView.swift; sourceTree = "<group>"; };
		3D179CBD2CB96B560061DFDC /* DocumentDAOView.swift */ = {isa = PBXFileReference; lastKnownFileType = sourcecode.swift; path = DocumentDAOView.swift; sourceTree = "<group>"; };
		4962A56A560AF9DCA80FE655 /* Pods-libIso18013-example-libIso18013-exampleUITests.debug.xcconfig */ = {isa = PBXFileReference; includeInIndex = 1; lastKnownFileType = text.xcconfig; name = "Pods-libIso18013-example-libIso18013-exampleUITests.debug.xcconfig"; path = "Target Support Files/Pods-libIso18013-example-libIso18013-exampleUITests/Pods-libIso18013-example-libIso18013-exampleUITests.debug.xcconfig"; sourceTree = "<group>"; };
		630E479CD5CE131E11E3CBB2 /* Pods-libIso18013-example.release.xcconfig */ = {isa = PBXFileReference; includeInIndex = 1; lastKnownFileType = text.xcconfig; name = "Pods-libIso18013-example.release.xcconfig"; path = "Target Support Files/Pods-libIso18013-example/Pods-libIso18013-example.release.xcconfig"; sourceTree = "<group>"; };
		9512EDF9DD952F73189C19B0 /* Pods-libIso18013-exampleTests.release.xcconfig */ = {isa = PBXFileReference; includeInIndex = 1; lastKnownFileType = text.xcconfig; name = "Pods-libIso18013-exampleTests.release.xcconfig"; path = "Target Support Files/Pods-libIso18013-exampleTests/Pods-libIso18013-exampleTests.release.xcconfig"; sourceTree = "<group>"; };
		95CD9B82FD038B54FE306512 /* Pods_libIso18013_example.framework */ = {isa = PBXFileReference; explicitFileType = wrapper.framework; includeInIndex = 0; path = Pods_libIso18013_example.framework; sourceTree = BUILT_PRODUCTS_DIR; };
		A137F92A68D7367A72D0B231 /* Pods-libIso18013-exampleTests.debug.xcconfig */ = {isa = PBXFileReference; includeInIndex = 1; lastKnownFileType = text.xcconfig; name = "Pods-libIso18013-exampleTests.debug.xcconfig"; path = "Target Support Files/Pods-libIso18013-exampleTests/Pods-libIso18013-exampleTests.debug.xcconfig"; sourceTree = "<group>"; };
		B0DC521790B4DF1C8E5F4D64 /* Pods_libIso18013_exampleTests.framework */ = {isa = PBXFileReference; explicitFileType = wrapper.framework; includeInIndex = 0; path = Pods_libIso18013_exampleTests.framework; sourceTree = BUILT_PRODUCTS_DIR; };
		C767A8E9D6A0CD317B6CACE0 /* Pods-libIso18013-example.debug.xcconfig */ = {isa = PBXFileReference; includeInIndex = 1; lastKnownFileType = text.xcconfig; name = "Pods-libIso18013-example.debug.xcconfig"; path = "Target Support Files/Pods-libIso18013-example/Pods-libIso18013-example.debug.xcconfig"; sourceTree = "<group>"; };
		D00DC06D8A27C1AE9B479BF2 /* Pods-libIso18013-example-libIso18013-exampleUITests.release.xcconfig */ = {isa = PBXFileReference; includeInIndex = 1; lastKnownFileType = text.xcconfig; name = "Pods-libIso18013-example-libIso18013-exampleUITests.release.xcconfig"; path = "Target Support Files/Pods-libIso18013-example-libIso18013-exampleUITests/Pods-libIso18013-example-libIso18013-exampleUITests.release.xcconfig"; sourceTree = "<group>"; };
		ECAC2A983064AE4FF4CD6361 /* Pods_libIso18013_example_libIso18013_exampleUITests.framework */ = {isa = PBXFileReference; explicitFileType = wrapper.framework; includeInIndex = 0; path = Pods_libIso18013_example_libIso18013_exampleUITests.framework; sourceTree = BUILT_PRODUCTS_DIR; };
/* End PBXFileReference section */

/* Begin PBXFrameworksBuildPhase section */
		3AC696482CB2FF1200871580 /* Frameworks */ = {
			isa = PBXFrameworksBuildPhase;
			buildActionMask = 2147483647;
			files = (
				8230C221AD49417DF2360796 /* Pods_libIso18013_example.framework in Frameworks */,
			);
			runOnlyForDeploymentPostprocessing = 0;
		};
		3AC696592CB2FF1300871580 /* Frameworks */ = {
			isa = PBXFrameworksBuildPhase;
			buildActionMask = 2147483647;
			files = (
				E3212A89CEE7FE86B2BD0676 /* Pods_libIso18013_exampleTests.framework in Frameworks */,
			);
			runOnlyForDeploymentPostprocessing = 0;
		};
		3AC696632CB2FF1300871580 /* Frameworks */ = {
			isa = PBXFrameworksBuildPhase;
			buildActionMask = 2147483647;
			files = (
				CD81E3E034A37F340713C691 /* Pods_libIso18013_example_libIso18013_exampleUITests.framework in Frameworks */,
			);
			runOnlyForDeploymentPostprocessing = 0;
		};
/* End PBXFrameworksBuildPhase section */

/* Begin PBXGroup section */
		3A84D5862CB3D3270017D76E /* Preview Content */ = {
			isa = PBXGroup;
			children = (
				3A84D5852CB3D3270017D76E /* Preview Assets.xcassets */,
			);
			path = "Preview Content";
			sourceTree = "<group>";
		};
		3A84D5882CB3D3270017D76E /* Widget */ = {
			isa = PBXGroup;
			children = (
				3AEC7E042CB3E00200606D7E /* CustomButton.swift */,
				3A84D5872CB3D3270017D76E /* InfoBoxView.swift */,
				3AEC7E022CB3DD3200606D7E /* CustomTextField.swift */,
			);
			path = Widget;
			sourceTree = "<group>";
		};
		3A84D58D2CB3D3270017D76E /* libIso18013-example */ = {
			isa = PBXGroup;
			children = (
				3D14E76A2CB53B0500E15A46 /* View */,
				3AEC7E062CB40EDF00606D7E /* Helper */,
				3AEC7E012CB3D80C00606D7E /* Constants */,
				3A84D5862CB3D3270017D76E /* Preview Content */,
				3A84D5882CB3D3270017D76E /* Widget */,
				3A84D5892CB3D3270017D76E /* Assets.xcassets */,
				3A84D58B2CB3D3270017D76E /* libIso18013_example.entitlements */,
				3A84D58C2CB3D3270017D76E /* libIso18013_exampleApp.swift */,
			);
			path = "libIso18013-example";
			sourceTree = "<group>";
		};
		3A84D5942CB3D32B0017D76E /* libIso18013-exampleTests */ = {
			isa = PBXGroup;
			children = (
				3A042F282CB6CDCC0035FF8E /* QRCodeTests.swift */,
				3A84D5932CB3D32B0017D76E /* libIso18013_exampleTests.swift */,
			);
			path = "libIso18013-exampleTests";
			sourceTree = "<group>";
		};
		3A84D5982CB3D32E0017D76E /* libIso18013-exampleUITests */ = {
			isa = PBXGroup;
			children = (
				3A84D5962CB3D32E0017D76E /* libIso18013_exampleUITests.swift */,
				3A84D5972CB3D32E0017D76E /* libIso18013_exampleUITestsLaunchTests.swift */,
			);
			path = "libIso18013-exampleUITests";
			sourceTree = "<group>";
		};
		3AC696422CB2FF1200871580 = {
			isa = PBXGroup;
			children = (
				3A84D58D2CB3D3270017D76E /* libIso18013-example */,
				3A84D5942CB3D32B0017D76E /* libIso18013-exampleTests */,
				3A84D5982CB3D32E0017D76E /* libIso18013-exampleUITests */,
				3AC6964C2CB2FF1200871580 /* Products */,
				6E9CC8B6DC06E71A45D478E0 /* Pods */,
				EF086CF14A3EAB2AC7967559 /* Frameworks */,
			);
			sourceTree = "<group>";
		};
		3AC6964C2CB2FF1200871580 /* Products */ = {
			isa = PBXGroup;
			children = (
				3AC6964B2CB2FF1200871580 /* libIso18013-example.app */,
				3AC6965C2CB2FF1300871580 /* libIso18013-exampleTests.xctest */,
				3AC696662CB2FF1300871580 /* libIso18013-exampleUITests.xctest */,
			);
			name = Products;
			sourceTree = "<group>";
		};
		3AEC7E012CB3D80C00606D7E /* Constants */ = {
			isa = PBXGroup;
			children = (
				3AEC7DFF2CB3D73C00606D7E /* mdl.swift */,
			);
			path = Constants;
			sourceTree = "<group>";
		};
		3AEC7E062CB40EDF00606D7E /* Helper */ = {
			isa = PBXGroup;
			children = (
				3A868AC02CBE64C700B35976 /* QRCode.swift */,
				3AEC7E092CB40F7300606D7E /* ManageNameSpaces.swift */,
				3AEC7E072CB40EEA00606D7E /* Data+Image.swift */,
			);
			path = Helper;
			sourceTree = "<group>";
		};
		3D14E76A2CB53B0500E15A46 /* View */ = {
			isa = PBXGroup;
			children = (
				3A042F242CB6C0AD0035FF8E /* MainContentView.swift */,
				3A042F262CB6CB900035FF8E /* QRCodeView.swift */,
				3A84D58A2CB3D3270017D76E /* DocumentView.swift */,
				3D179CBD2CB96B560061DFDC /* DocumentDAOView.swift */,
				3D14E76B2CB53B0B00E15A46 /* Cose1SignView.swift */,
			);
			path = View;
			sourceTree = "<group>";
		};
		6E9CC8B6DC06E71A45D478E0 /* Pods */ = {
			isa = PBXGroup;
			children = (
				C767A8E9D6A0CD317B6CACE0 /* Pods-libIso18013-example.debug.xcconfig */,
				630E479CD5CE131E11E3CBB2 /* Pods-libIso18013-example.release.xcconfig */,
				4962A56A560AF9DCA80FE655 /* Pods-libIso18013-example-libIso18013-exampleUITests.debug.xcconfig */,
				D00DC06D8A27C1AE9B479BF2 /* Pods-libIso18013-example-libIso18013-exampleUITests.release.xcconfig */,
				A137F92A68D7367A72D0B231 /* Pods-libIso18013-exampleTests.debug.xcconfig */,
				9512EDF9DD952F73189C19B0 /* Pods-libIso18013-exampleTests.release.xcconfig */,
			);
			path = Pods;
			sourceTree = "<group>";
		};
		EF086CF14A3EAB2AC7967559 /* Frameworks */ = {
			isa = PBXGroup;
			children = (
				95CD9B82FD038B54FE306512 /* Pods_libIso18013_example.framework */,
				ECAC2A983064AE4FF4CD6361 /* Pods_libIso18013_example_libIso18013_exampleUITests.framework */,
				B0DC521790B4DF1C8E5F4D64 /* Pods_libIso18013_exampleTests.framework */,
			);
			name = Frameworks;
			sourceTree = "<group>";
		};
/* End PBXGroup section */

/* Begin PBXNativeTarget section */
		3AC6964A2CB2FF1200871580 /* libIso18013-example */ = {
			isa = PBXNativeTarget;
			buildConfigurationList = 3AC696702CB2FF1300871580 /* Build configuration list for PBXNativeTarget "libIso18013-example" */;
			buildPhases = (
				955378CF5FE67F901FD3F713 /* [CP] Check Pods Manifest.lock */,
				3AC696472CB2FF1200871580 /* Sources */,
				3AC696482CB2FF1200871580 /* Frameworks */,
				3AC696492CB2FF1200871580 /* Resources */,
				06A58393ECB8B25800D2C50F /* [CP] Embed Pods Frameworks */,
			);
			buildRules = (
			);
			dependencies = (
			);
			name = "libIso18013-example";
			productName = "libIso18013-example";
			productReference = 3AC6964B2CB2FF1200871580 /* libIso18013-example.app */;
			productType = "com.apple.product-type.application";
		};
		3AC6965B2CB2FF1300871580 /* libIso18013-exampleTests */ = {
			isa = PBXNativeTarget;
			buildConfigurationList = 3AC696732CB2FF1300871580 /* Build configuration list for PBXNativeTarget "libIso18013-exampleTests" */;
			buildPhases = (
				F52518BD10AB131AF215B5D7 /* [CP] Check Pods Manifest.lock */,
				3AC696582CB2FF1300871580 /* Sources */,
				3AC696592CB2FF1300871580 /* Frameworks */,
				3AC6965A2CB2FF1300871580 /* Resources */,
			);
			buildRules = (
			);
			dependencies = (
				3AC6965E2CB2FF1300871580 /* PBXTargetDependency */,
			);
			name = "libIso18013-exampleTests";
			productName = "libIso18013-exampleTests";
			productReference = 3AC6965C2CB2FF1300871580 /* libIso18013-exampleTests.xctest */;
			productType = "com.apple.product-type.bundle.unit-test";
		};
		3AC696652CB2FF1300871580 /* libIso18013-exampleUITests */ = {
			isa = PBXNativeTarget;
			buildConfigurationList = 3AC696762CB2FF1300871580 /* Build configuration list for PBXNativeTarget "libIso18013-exampleUITests" */;
			buildPhases = (
				72AD6E2D807107E973D6C565 /* [CP] Check Pods Manifest.lock */,
				3AC696622CB2FF1300871580 /* Sources */,
				3AC696632CB2FF1300871580 /* Frameworks */,
				3AC696642CB2FF1300871580 /* Resources */,
				E7FA56881C1F4D940C3A30F7 /* [CP] Embed Pods Frameworks */,
			);
			buildRules = (
			);
			dependencies = (
				3AC696682CB2FF1300871580 /* PBXTargetDependency */,
			);
			name = "libIso18013-exampleUITests";
			productName = "libIso18013-exampleUITests";
			productReference = 3AC696662CB2FF1300871580 /* libIso18013-exampleUITests.xctest */;
			productType = "com.apple.product-type.bundle.ui-testing";
		};
/* End PBXNativeTarget section */

/* Begin PBXProject section */
		3AC696432CB2FF1200871580 /* Project object */ = {
			isa = PBXProject;
			attributes = {
				BuildIndependentTargetsInParallel = 1;
				LastSwiftUpdateCheck = 1600;
				LastUpgradeCheck = 1600;
				TargetAttributes = {
					3AC6964A2CB2FF1200871580 = {
						CreatedOnToolsVersion = 16.0;
					};
					3AC6965B2CB2FF1300871580 = {
						CreatedOnToolsVersion = 16.0;
						TestTargetID = 3AC6964A2CB2FF1200871580;
					};
					3AC696652CB2FF1300871580 = {
						CreatedOnToolsVersion = 16.0;
						TestTargetID = 3AC6964A2CB2FF1200871580;
					};
				};
			};
			buildConfigurationList = 3AC696462CB2FF1200871580 /* Build configuration list for PBXProject "libIso18013-example" */;
			compatibilityVersion = "Xcode 14.0";
			developmentRegion = en;
			hasScannedForEncodings = 0;
			knownRegions = (
				en,
				Base,
			);
			mainGroup = 3AC696422CB2FF1200871580;
			productRefGroup = 3AC6964C2CB2FF1200871580 /* Products */;
			projectDirPath = "";
			projectRoot = "";
			targets = (
				3AC6964A2CB2FF1200871580 /* libIso18013-example */,
				3AC6965B2CB2FF1300871580 /* libIso18013-exampleTests */,
				3AC696652CB2FF1300871580 /* libIso18013-exampleUITests */,
			);
		};
/* End PBXProject section */

/* Begin PBXResourcesBuildPhase section */
		3AC696492CB2FF1200871580 /* Resources */ = {
			isa = PBXResourcesBuildPhase;
			buildActionMask = 2147483647;
			files = (
				3A84D5912CB3D3270017D76E /* Preview Assets.xcassets in Resources */,
				3A84D5922CB3D3270017D76E /* Assets.xcassets in Resources */,
			);
			runOnlyForDeploymentPostprocessing = 0;
		};
		3AC6965A2CB2FF1300871580 /* Resources */ = {
			isa = PBXResourcesBuildPhase;
			buildActionMask = 2147483647;
			files = (
			);
			runOnlyForDeploymentPostprocessing = 0;
		};
		3AC696642CB2FF1300871580 /* Resources */ = {
			isa = PBXResourcesBuildPhase;
			buildActionMask = 2147483647;
			files = (
			);
			runOnlyForDeploymentPostprocessing = 0;
		};
/* End PBXResourcesBuildPhase section */

/* Begin PBXShellScriptBuildPhase section */
		06A58393ECB8B25800D2C50F /* [CP] Embed Pods Frameworks */ = {
			isa = PBXShellScriptBuildPhase;
			buildActionMask = 2147483647;
			files = (
			);
			inputFileListPaths = (
				"${PODS_ROOT}/Target Support Files/Pods-libIso18013-example/Pods-libIso18013-example-frameworks-${CONFIGURATION}-input-files.xcfilelist",
			);
			name = "[CP] Embed Pods Frameworks";
			outputFileListPaths = (
				"${PODS_ROOT}/Target Support Files/Pods-libIso18013-example/Pods-libIso18013-example-frameworks-${CONFIGURATION}-output-files.xcfilelist",
			);
			runOnlyForDeploymentPostprocessing = 0;
			shellPath = /bin/sh;
			shellScript = "\"${PODS_ROOT}/Target Support Files/Pods-libIso18013-example/Pods-libIso18013-example-frameworks.sh\"\n";
			showEnvVarsInLog = 0;
		};
		72AD6E2D807107E973D6C565 /* [CP] Check Pods Manifest.lock */ = {
			isa = PBXShellScriptBuildPhase;
			buildActionMask = 2147483647;
			files = (
			);
			inputFileListPaths = (
			);
			inputPaths = (
				"${PODS_PODFILE_DIR_PATH}/Podfile.lock",
				"${PODS_ROOT}/Manifest.lock",
			);
			name = "[CP] Check Pods Manifest.lock";
			outputFileListPaths = (
			);
			outputPaths = (
				"$(DERIVED_FILE_DIR)/Pods-libIso18013-example-libIso18013-exampleUITests-checkManifestLockResult.txt",
			);
			runOnlyForDeploymentPostprocessing = 0;
			shellPath = /bin/sh;
			shellScript = "diff \"${PODS_PODFILE_DIR_PATH}/Podfile.lock\" \"${PODS_ROOT}/Manifest.lock\" > /dev/null\nif [ $? != 0 ] ; then\n    # print error to STDERR\n    echo \"error: The sandbox is not in sync with the Podfile.lock. Run 'pod install' or update your CocoaPods installation.\" >&2\n    exit 1\nfi\n# This output is used by Xcode 'outputs' to avoid re-running this script phase.\necho \"SUCCESS\" > \"${SCRIPT_OUTPUT_FILE_0}\"\n";
			showEnvVarsInLog = 0;
		};
		955378CF5FE67F901FD3F713 /* [CP] Check Pods Manifest.lock */ = {
			isa = PBXShellScriptBuildPhase;
			buildActionMask = 2147483647;
			files = (
			);
			inputFileListPaths = (
			);
			inputPaths = (
				"${PODS_PODFILE_DIR_PATH}/Podfile.lock",
				"${PODS_ROOT}/Manifest.lock",
			);
			name = "[CP] Check Pods Manifest.lock";
			outputFileListPaths = (
			);
			outputPaths = (
				"$(DERIVED_FILE_DIR)/Pods-libIso18013-example-checkManifestLockResult.txt",
			);
			runOnlyForDeploymentPostprocessing = 0;
			shellPath = /bin/sh;
			shellScript = "diff \"${PODS_PODFILE_DIR_PATH}/Podfile.lock\" \"${PODS_ROOT}/Manifest.lock\" > /dev/null\nif [ $? != 0 ] ; then\n    # print error to STDERR\n    echo \"error: The sandbox is not in sync with the Podfile.lock. Run 'pod install' or update your CocoaPods installation.\" >&2\n    exit 1\nfi\n# This output is used by Xcode 'outputs' to avoid re-running this script phase.\necho \"SUCCESS\" > \"${SCRIPT_OUTPUT_FILE_0}\"\n";
			showEnvVarsInLog = 0;
		};
		E7FA56881C1F4D940C3A30F7 /* [CP] Embed Pods Frameworks */ = {
			isa = PBXShellScriptBuildPhase;
			buildActionMask = 2147483647;
			files = (
			);
			inputFileListPaths = (
				"${PODS_ROOT}/Target Support Files/Pods-libIso18013-example-libIso18013-exampleUITests/Pods-libIso18013-example-libIso18013-exampleUITests-frameworks-${CONFIGURATION}-input-files.xcfilelist",
			);
			name = "[CP] Embed Pods Frameworks";
			outputFileListPaths = (
				"${PODS_ROOT}/Target Support Files/Pods-libIso18013-example-libIso18013-exampleUITests/Pods-libIso18013-example-libIso18013-exampleUITests-frameworks-${CONFIGURATION}-output-files.xcfilelist",
			);
			runOnlyForDeploymentPostprocessing = 0;
			shellPath = /bin/sh;
			shellScript = "\"${PODS_ROOT}/Target Support Files/Pods-libIso18013-example-libIso18013-exampleUITests/Pods-libIso18013-example-libIso18013-exampleUITests-frameworks.sh\"\n";
			showEnvVarsInLog = 0;
		};
		F52518BD10AB131AF215B5D7 /* [CP] Check Pods Manifest.lock */ = {
			isa = PBXShellScriptBuildPhase;
			buildActionMask = 2147483647;
			files = (
			);
			inputFileListPaths = (
			);
			inputPaths = (
				"${PODS_PODFILE_DIR_PATH}/Podfile.lock",
				"${PODS_ROOT}/Manifest.lock",
			);
			name = "[CP] Check Pods Manifest.lock";
			outputFileListPaths = (
			);
			outputPaths = (
				"$(DERIVED_FILE_DIR)/Pods-libIso18013-exampleTests-checkManifestLockResult.txt",
			);
			runOnlyForDeploymentPostprocessing = 0;
			shellPath = /bin/sh;
			shellScript = "diff \"${PODS_PODFILE_DIR_PATH}/Podfile.lock\" \"${PODS_ROOT}/Manifest.lock\" > /dev/null\nif [ $? != 0 ] ; then\n    # print error to STDERR\n    echo \"error: The sandbox is not in sync with the Podfile.lock. Run 'pod install' or update your CocoaPods installation.\" >&2\n    exit 1\nfi\n# This output is used by Xcode 'outputs' to avoid re-running this script phase.\necho \"SUCCESS\" > \"${SCRIPT_OUTPUT_FILE_0}\"\n";
			showEnvVarsInLog = 0;
		};
/* End PBXShellScriptBuildPhase section */

/* Begin PBXSourcesBuildPhase section */
		3AC696472CB2FF1200871580 /* Sources */ = {
			isa = PBXSourcesBuildPhase;
			buildActionMask = 2147483647;
			files = (
				3A84D58E2CB3D3270017D76E /* InfoBoxView.swift in Sources */,
				3A84D58F2CB3D3270017D76E /* DocumentView.swift in Sources */,
				3AEC7E0A2CB40F8100606D7E /* ManageNameSpaces.swift in Sources */,
				3A042F272CB6CB990035FF8E /* QRCodeView.swift in Sources */,
				3A868AC12CBE64C700B35976 /* QRCode.swift in Sources */,
				3AEC7E052CB3E00600606D7E /* CustomButton.swift in Sources */,
				3D179CBE2CB96B5C0061DFDC /* DocumentDAOView.swift in Sources */,
				3A84D5902CB3D3270017D76E /* libIso18013_exampleApp.swift in Sources */,
				3AEC7E082CB40EEE00606D7E /* Data+Image.swift in Sources */,
				3AEC7E002CB3D73F00606D7E /* mdl.swift in Sources */,
				3A042F252CB6C0B00035FF8E /* MainContentView.swift in Sources */,
				3AEC7E032CB3DD3200606D7E /* CustomTextField.swift in Sources */,
				3D14E76C2CB53B0B00E15A46 /* Cose1SignView.swift in Sources */,
			);
			runOnlyForDeploymentPostprocessing = 0;
		};
		3AC696582CB2FF1300871580 /* Sources */ = {
			isa = PBXSourcesBuildPhase;
			buildActionMask = 2147483647;
			files = (
				3A84D5952CB3D32B0017D76E /* libIso18013_exampleTests.swift in Sources */,
				3A042F292CB6CDD20035FF8E /* QRCodeTests.swift in Sources */,
			);
			runOnlyForDeploymentPostprocessing = 0;
		};
		3AC696622CB2FF1300871580 /* Sources */ = {
			isa = PBXSourcesBuildPhase;
			buildActionMask = 2147483647;
			files = (
				3A84D5992CB3D32E0017D76E /* libIso18013_exampleUITests.swift in Sources */,
				3A84D59A2CB3D32E0017D76E /* libIso18013_exampleUITestsLaunchTests.swift in Sources */,
			);
			runOnlyForDeploymentPostprocessing = 0;
		};
/* End PBXSourcesBuildPhase section */

/* Begin PBXTargetDependency section */
		3AC6965E2CB2FF1300871580 /* PBXTargetDependency */ = {
			isa = PBXTargetDependency;
			target = 3AC6964A2CB2FF1200871580 /* libIso18013-example */;
			targetProxy = 3AC6965D2CB2FF1300871580 /* PBXContainerItemProxy */;
		};
		3AC696682CB2FF1300871580 /* PBXTargetDependency */ = {
			isa = PBXTargetDependency;
			target = 3AC6964A2CB2FF1200871580 /* libIso18013-example */;
			targetProxy = 3AC696672CB2FF1300871580 /* PBXContainerItemProxy */;
		};
/* End PBXTargetDependency section */

/* Begin XCBuildConfiguration section */
		3AC6966E2CB2FF1300871580 /* Debug */ = {
			isa = XCBuildConfiguration;
			buildSettings = {
				ALWAYS_SEARCH_USER_PATHS = NO;
				ASSETCATALOG_COMPILER_GENERATE_SWIFT_ASSET_SYMBOL_EXTENSIONS = YES;
				CLANG_ANALYZER_NONNULL = YES;
				CLANG_ANALYZER_NUMBER_OBJECT_CONVERSION = YES_AGGRESSIVE;
				CLANG_CXX_LANGUAGE_STANDARD = "gnu++20";
				CLANG_ENABLE_MODULES = YES;
				CLANG_ENABLE_OBJC_ARC = YES;
				CLANG_ENABLE_OBJC_WEAK = YES;
				CLANG_WARN_BLOCK_CAPTURE_AUTORELEASING = YES;
				CLANG_WARN_BOOL_CONVERSION = YES;
				CLANG_WARN_COMMA = YES;
				CLANG_WARN_CONSTANT_CONVERSION = YES;
				CLANG_WARN_DEPRECATED_OBJC_IMPLEMENTATIONS = YES;
				CLANG_WARN_DIRECT_OBJC_ISA_USAGE = YES_ERROR;
				CLANG_WARN_DOCUMENTATION_COMMENTS = YES;
				CLANG_WARN_EMPTY_BODY = YES;
				CLANG_WARN_ENUM_CONVERSION = YES;
				CLANG_WARN_INFINITE_RECURSION = YES;
				CLANG_WARN_INT_CONVERSION = YES;
				CLANG_WARN_NON_LITERAL_NULL_CONVERSION = YES;
				CLANG_WARN_OBJC_IMPLICIT_RETAIN_SELF = YES;
				CLANG_WARN_OBJC_LITERAL_CONVERSION = YES;
				CLANG_WARN_OBJC_ROOT_CLASS = YES_ERROR;
				CLANG_WARN_QUOTED_INCLUDE_IN_FRAMEWORK_HEADER = YES;
				CLANG_WARN_RANGE_LOOP_ANALYSIS = YES;
				CLANG_WARN_STRICT_PROTOTYPES = YES;
				CLANG_WARN_SUSPICIOUS_MOVE = YES;
				CLANG_WARN_UNGUARDED_AVAILABILITY = YES_AGGRESSIVE;
				CLANG_WARN_UNREACHABLE_CODE = YES;
				CLANG_WARN__DUPLICATE_METHOD_MATCH = YES;
				COPY_PHASE_STRIP = NO;
				DEBUG_INFORMATION_FORMAT = dwarf;
				ENABLE_STRICT_OBJC_MSGSEND = YES;
				ENABLE_TESTABILITY = YES;
				ENABLE_USER_SCRIPT_SANDBOXING = YES;
				GCC_C_LANGUAGE_STANDARD = gnu17;
				GCC_DYNAMIC_NO_PIC = NO;
				GCC_NO_COMMON_BLOCKS = YES;
				GCC_OPTIMIZATION_LEVEL = 0;
				GCC_PREPROCESSOR_DEFINITIONS = (
					"DEBUG=1",
					"$(inherited)",
				);
				GCC_WARN_64_TO_32_BIT_CONVERSION = YES;
				GCC_WARN_ABOUT_RETURN_TYPE = YES_ERROR;
				GCC_WARN_UNDECLARED_SELECTOR = YES;
				GCC_WARN_UNINITIALIZED_AUTOS = YES_AGGRESSIVE;
				GCC_WARN_UNUSED_FUNCTION = YES;
				GCC_WARN_UNUSED_VARIABLE = YES;
				LOCALIZATION_PREFERS_STRING_CATALOGS = YES;
				MTL_ENABLE_DEBUG_INFO = INCLUDE_SOURCE;
				MTL_FAST_MATH = YES;
				ONLY_ACTIVE_ARCH = YES;
				SWIFT_ACTIVE_COMPILATION_CONDITIONS = "DEBUG $(inherited)";
				SWIFT_OPTIMIZATION_LEVEL = "-Onone";
			};
			name = Debug;
		};
		3AC6966F2CB2FF1300871580 /* Release */ = {
			isa = XCBuildConfiguration;
			buildSettings = {
				ALWAYS_SEARCH_USER_PATHS = NO;
				ASSETCATALOG_COMPILER_GENERATE_SWIFT_ASSET_SYMBOL_EXTENSIONS = YES;
				CLANG_ANALYZER_NONNULL = YES;
				CLANG_ANALYZER_NUMBER_OBJECT_CONVERSION = YES_AGGRESSIVE;
				CLANG_CXX_LANGUAGE_STANDARD = "gnu++20";
				CLANG_ENABLE_MODULES = YES;
				CLANG_ENABLE_OBJC_ARC = YES;
				CLANG_ENABLE_OBJC_WEAK = YES;
				CLANG_WARN_BLOCK_CAPTURE_AUTORELEASING = YES;
				CLANG_WARN_BOOL_CONVERSION = YES;
				CLANG_WARN_COMMA = YES;
				CLANG_WARN_CONSTANT_CONVERSION = YES;
				CLANG_WARN_DEPRECATED_OBJC_IMPLEMENTATIONS = YES;
				CLANG_WARN_DIRECT_OBJC_ISA_USAGE = YES_ERROR;
				CLANG_WARN_DOCUMENTATION_COMMENTS = YES;
				CLANG_WARN_EMPTY_BODY = YES;
				CLANG_WARN_ENUM_CONVERSION = YES;
				CLANG_WARN_INFINITE_RECURSION = YES;
				CLANG_WARN_INT_CONVERSION = YES;
				CLANG_WARN_NON_LITERAL_NULL_CONVERSION = YES;
				CLANG_WARN_OBJC_IMPLICIT_RETAIN_SELF = YES;
				CLANG_WARN_OBJC_LITERAL_CONVERSION = YES;
				CLANG_WARN_OBJC_ROOT_CLASS = YES_ERROR;
				CLANG_WARN_QUOTED_INCLUDE_IN_FRAMEWORK_HEADER = YES;
				CLANG_WARN_RANGE_LOOP_ANALYSIS = YES;
				CLANG_WARN_STRICT_PROTOTYPES = YES;
				CLANG_WARN_SUSPICIOUS_MOVE = YES;
				CLANG_WARN_UNGUARDED_AVAILABILITY = YES_AGGRESSIVE;
				CLANG_WARN_UNREACHABLE_CODE = YES;
				CLANG_WARN__DUPLICATE_METHOD_MATCH = YES;
				COPY_PHASE_STRIP = NO;
				DEBUG_INFORMATION_FORMAT = "dwarf-with-dsym";
				ENABLE_NS_ASSERTIONS = NO;
				ENABLE_STRICT_OBJC_MSGSEND = YES;
				ENABLE_USER_SCRIPT_SANDBOXING = YES;
				GCC_C_LANGUAGE_STANDARD = gnu17;
				GCC_NO_COMMON_BLOCKS = YES;
				GCC_WARN_64_TO_32_BIT_CONVERSION = YES;
				GCC_WARN_ABOUT_RETURN_TYPE = YES_ERROR;
				GCC_WARN_UNDECLARED_SELECTOR = YES;
				GCC_WARN_UNINITIALIZED_AUTOS = YES_AGGRESSIVE;
				GCC_WARN_UNUSED_FUNCTION = YES;
				GCC_WARN_UNUSED_VARIABLE = YES;
				LOCALIZATION_PREFERS_STRING_CATALOGS = YES;
				MTL_ENABLE_DEBUG_INFO = NO;
				MTL_FAST_MATH = YES;
				SWIFT_COMPILATION_MODE = wholemodule;
			};
			name = Release;
		};
		3AC696712CB2FF1300871580 /* Debug */ = {
			isa = XCBuildConfiguration;
			baseConfigurationReference = C767A8E9D6A0CD317B6CACE0 /* Pods-libIso18013-example.debug.xcconfig */;
			buildSettings = {
				ASSETCATALOG_COMPILER_APPICON_NAME = AppIcon;
				ASSETCATALOG_COMPILER_GLOBAL_ACCENT_COLOR_NAME = AccentColor;
				CODE_SIGN_ENTITLEMENTS = "libIso18013-example/libIso18013_example.entitlements";
				CODE_SIGN_STYLE = Automatic;
				CURRENT_PROJECT_VERSION = 1;
				DEVELOPMENT_ASSET_PATHS = "\"libIso18013-example/Preview Content\"";
				ENABLE_PREVIEWS = YES;
				ENABLE_USER_SCRIPT_SANDBOXING = NO;
				GENERATE_INFOPLIST_FILE = YES;
				"INFOPLIST_KEY_UIApplicationSceneManifest_Generation[sdk=iphoneos*]" = YES;
				"INFOPLIST_KEY_UIApplicationSceneManifest_Generation[sdk=iphonesimulator*]" = YES;
				"INFOPLIST_KEY_UIApplicationSupportsIndirectInputEvents[sdk=iphoneos*]" = YES;
				"INFOPLIST_KEY_UIApplicationSupportsIndirectInputEvents[sdk=iphonesimulator*]" = YES;
				"INFOPLIST_KEY_UILaunchScreen_Generation[sdk=iphoneos*]" = YES;
				"INFOPLIST_KEY_UILaunchScreen_Generation[sdk=iphonesimulator*]" = YES;
				"INFOPLIST_KEY_UIStatusBarStyle[sdk=iphoneos*]" = UIStatusBarStyleDefault;
				"INFOPLIST_KEY_UIStatusBarStyle[sdk=iphonesimulator*]" = UIStatusBarStyleDefault;
				INFOPLIST_KEY_UISupportedInterfaceOrientations = UIInterfaceOrientationPortrait;
				INFOPLIST_KEY_UISupportedInterfaceOrientations_iPad = "UIInterfaceOrientationLandscapeLeft UIInterfaceOrientationLandscapeRight UIInterfaceOrientationPortrait UIInterfaceOrientationPortraitUpsideDown";
				IPHONEOS_DEPLOYMENT_TARGET = 16.6;
				LD_RUNPATH_SEARCH_PATHS = "@executable_path/Frameworks";
				"LD_RUNPATH_SEARCH_PATHS[sdk=macosx*]" = "@executable_path/../Frameworks";
				MACOSX_DEPLOYMENT_TARGET = 15.0;
				MARKETING_VERSION = 1.0;
				PRODUCT_BUNDLE_IDENTIFIER = "it.pagopa.app.io.proximity.libIso18013-example";
				PRODUCT_NAME = "$(TARGET_NAME)";
				SDKROOT = auto;
				SUPPORTED_PLATFORMS = "iphoneos iphonesimulator";
				SUPPORTS_MACCATALYST = NO;
				SWIFT_EMIT_LOC_STRINGS = YES;
				SWIFT_VERSION = 5.0;
				TARGETED_DEVICE_FAMILY = 1;
				XROS_DEPLOYMENT_TARGET = 2.0;
			};
			name = Debug;
		};
		3AC696722CB2FF1300871580 /* Release */ = {
			isa = XCBuildConfiguration;
			baseConfigurationReference = 630E479CD5CE131E11E3CBB2 /* Pods-libIso18013-example.release.xcconfig */;
			buildSettings = {
				ASSETCATALOG_COMPILER_APPICON_NAME = AppIcon;
				ASSETCATALOG_COMPILER_GLOBAL_ACCENT_COLOR_NAME = AccentColor;
				CODE_SIGN_ENTITLEMENTS = "libIso18013-example/libIso18013_example.entitlements";
				CODE_SIGN_STYLE = Automatic;
				CURRENT_PROJECT_VERSION = 1;
				DEVELOPMENT_ASSET_PATHS = "\"libIso18013-example/Preview Content\"";
				ENABLE_PREVIEWS = YES;
				ENABLE_USER_SCRIPT_SANDBOXING = NO;
				GENERATE_INFOPLIST_FILE = YES;
				"INFOPLIST_KEY_UIApplicationSceneManifest_Generation[sdk=iphoneos*]" = YES;
				"INFOPLIST_KEY_UIApplicationSceneManifest_Generation[sdk=iphonesimulator*]" = YES;
				"INFOPLIST_KEY_UIApplicationSupportsIndirectInputEvents[sdk=iphoneos*]" = YES;
				"INFOPLIST_KEY_UIApplicationSupportsIndirectInputEvents[sdk=iphonesimulator*]" = YES;
				"INFOPLIST_KEY_UILaunchScreen_Generation[sdk=iphoneos*]" = YES;
				"INFOPLIST_KEY_UILaunchScreen_Generation[sdk=iphonesimulator*]" = YES;
				"INFOPLIST_KEY_UIStatusBarStyle[sdk=iphoneos*]" = UIStatusBarStyleDefault;
				"INFOPLIST_KEY_UIStatusBarStyle[sdk=iphonesimulator*]" = UIStatusBarStyleDefault;
				INFOPLIST_KEY_UISupportedInterfaceOrientations = UIInterfaceOrientationPortrait;
				INFOPLIST_KEY_UISupportedInterfaceOrientations_iPad = "UIInterfaceOrientationLandscapeLeft UIInterfaceOrientationLandscapeRight UIInterfaceOrientationPortrait UIInterfaceOrientationPortraitUpsideDown";
				IPHONEOS_DEPLOYMENT_TARGET = 16.6;
				LD_RUNPATH_SEARCH_PATHS = "@executable_path/Frameworks";
				"LD_RUNPATH_SEARCH_PATHS[sdk=macosx*]" = "@executable_path/../Frameworks";
				MACOSX_DEPLOYMENT_TARGET = 15.0;
				MARKETING_VERSION = 1.0;
				PRODUCT_BUNDLE_IDENTIFIER = "it.pagopa.app.io.proximity.libIso18013-example";
				PRODUCT_NAME = "$(TARGET_NAME)";
				SDKROOT = auto;
				SUPPORTED_PLATFORMS = "iphoneos iphonesimulator";
				SUPPORTS_MACCATALYST = NO;
				SWIFT_EMIT_LOC_STRINGS = YES;
				SWIFT_VERSION = 5.0;
				TARGETED_DEVICE_FAMILY = 1;
				XROS_DEPLOYMENT_TARGET = 2.0;
			};
			name = Release;
		};
		3AC696742CB2FF1300871580 /* Debug */ = {
			isa = XCBuildConfiguration;
			baseConfigurationReference = A137F92A68D7367A72D0B231 /* Pods-libIso18013-exampleTests.debug.xcconfig */;
			buildSettings = {
				BUNDLE_LOADER = "$(TEST_HOST)";
				CODE_SIGN_STYLE = Automatic;
				CURRENT_PROJECT_VERSION = 1;
				ENABLE_USER_SCRIPT_SANDBOXING = NO;
				GENERATE_INFOPLIST_FILE = YES;
				IPHONEOS_DEPLOYMENT_TARGET = 16.6;
				MACOSX_DEPLOYMENT_TARGET = 15.0;
				MARKETING_VERSION = 1.0;
				PRODUCT_BUNDLE_IDENTIFIER = "it.pagopa.app.io.proximity.libIso18013-exampleTests";
				PRODUCT_NAME = "$(TARGET_NAME)";
				SDKROOT = auto;
				SUPPORTED_PLATFORMS = "iphoneos iphonesimulator";
				SUPPORTS_MACCATALYST = NO;
				SWIFT_EMIT_LOC_STRINGS = NO;
				SWIFT_VERSION = 5.0;
				TARGETED_DEVICE_FAMILY = 1;
				TEST_HOST = "$(BUILT_PRODUCTS_DIR)/libIso18013-example.app/$(BUNDLE_EXECUTABLE_FOLDER_PATH)/libIso18013-example";
				XROS_DEPLOYMENT_TARGET = 2.0;
			};
			name = Debug;
		};
		3AC696752CB2FF1300871580 /* Release */ = {
			isa = XCBuildConfiguration;
			baseConfigurationReference = 9512EDF9DD952F73189C19B0 /* Pods-libIso18013-exampleTests.release.xcconfig */;
			buildSettings = {
				BUNDLE_LOADER = "$(TEST_HOST)";
				CODE_SIGN_STYLE = Automatic;
				CURRENT_PROJECT_VERSION = 1;
				ENABLE_USER_SCRIPT_SANDBOXING = NO;
				GENERATE_INFOPLIST_FILE = YES;
				IPHONEOS_DEPLOYMENT_TARGET = 16.6;
				MACOSX_DEPLOYMENT_TARGET = 15.0;
				MARKETING_VERSION = 1.0;
				PRODUCT_BUNDLE_IDENTIFIER = "it.pagopa.app.io.proximity.libIso18013-exampleTests";
				PRODUCT_NAME = "$(TARGET_NAME)";
				SDKROOT = auto;
				SUPPORTED_PLATFORMS = "iphoneos iphonesimulator";
				SUPPORTS_MACCATALYST = NO;
				SWIFT_EMIT_LOC_STRINGS = NO;
				SWIFT_VERSION = 5.0;
				TARGETED_DEVICE_FAMILY = 1;
				TEST_HOST = "$(BUILT_PRODUCTS_DIR)/libIso18013-example.app/$(BUNDLE_EXECUTABLE_FOLDER_PATH)/libIso18013-example";
				XROS_DEPLOYMENT_TARGET = 2.0;
			};
			name = Release;
		};
		3AC696772CB2FF1300871580 /* Debug */ = {
			isa = XCBuildConfiguration;
			baseConfigurationReference = 4962A56A560AF9DCA80FE655 /* Pods-libIso18013-example-libIso18013-exampleUITests.debug.xcconfig */;
			buildSettings = {
				CODE_SIGN_STYLE = Automatic;
				CURRENT_PROJECT_VERSION = 1;
				ENABLE_USER_SCRIPT_SANDBOXING = NO;
				GENERATE_INFOPLIST_FILE = YES;
				IPHONEOS_DEPLOYMENT_TARGET = 16.6;
				MACOSX_DEPLOYMENT_TARGET = 15.0;
				MARKETING_VERSION = 1.0;
				PRODUCT_BUNDLE_IDENTIFIER = "it.pagopa.app.io.proximity.libIso18013-exampleUITests";
				PRODUCT_NAME = "$(TARGET_NAME)";
				SDKROOT = auto;
				SUPPORTED_PLATFORMS = "iphoneos iphonesimulator";
				SUPPORTS_MACCATALYST = NO;
				SWIFT_EMIT_LOC_STRINGS = NO;
				SWIFT_VERSION = 5.0;
				TARGETED_DEVICE_FAMILY = 1;
				TEST_TARGET_NAME = "libIso18013-example";
				XROS_DEPLOYMENT_TARGET = 2.0;
			};
			name = Debug;
		};
		3AC696782CB2FF1300871580 /* Release */ = {
			isa = XCBuildConfiguration;
			baseConfigurationReference = D00DC06D8A27C1AE9B479BF2 /* Pods-libIso18013-example-libIso18013-exampleUITests.release.xcconfig */;
			buildSettings = {
				CODE_SIGN_STYLE = Automatic;
				CURRENT_PROJECT_VERSION = 1;
				ENABLE_USER_SCRIPT_SANDBOXING = NO;
				GENERATE_INFOPLIST_FILE = YES;
				IPHONEOS_DEPLOYMENT_TARGET = 16.6;
				MACOSX_DEPLOYMENT_TARGET = 15.0;
				MARKETING_VERSION = 1.0;
				PRODUCT_BUNDLE_IDENTIFIER = "it.pagopa.app.io.proximity.libIso18013-exampleUITests";
				PRODUCT_NAME = "$(TARGET_NAME)";
				SDKROOT = auto;
				SUPPORTED_PLATFORMS = "iphoneos iphonesimulator";
				SUPPORTS_MACCATALYST = NO;
				SWIFT_EMIT_LOC_STRINGS = NO;
				SWIFT_VERSION = 5.0;
				TARGETED_DEVICE_FAMILY = 1;
				TEST_TARGET_NAME = "libIso18013-example";
				XROS_DEPLOYMENT_TARGET = 2.0;
			};
			name = Release;
		};
/* End XCBuildConfiguration section */

/* Begin XCConfigurationList section */
		3AC696462CB2FF1200871580 /* Build configuration list for PBXProject "libIso18013-example" */ = {
			isa = XCConfigurationList;
			buildConfigurations = (
				3AC6966E2CB2FF1300871580 /* Debug */,
				3AC6966F2CB2FF1300871580 /* Release */,
			);
			defaultConfigurationIsVisible = 0;
			defaultConfigurationName = Release;
		};
		3AC696702CB2FF1300871580 /* Build configuration list for PBXNativeTarget "libIso18013-example" */ = {
			isa = XCConfigurationList;
			buildConfigurations = (
				3AC696712CB2FF1300871580 /* Debug */,
				3AC696722CB2FF1300871580 /* Release */,
			);
			defaultConfigurationIsVisible = 0;
			defaultConfigurationName = Release;
		};
		3AC696732CB2FF1300871580 /* Build configuration list for PBXNativeTarget "libIso18013-exampleTests" */ = {
			isa = XCConfigurationList;
			buildConfigurations = (
				3AC696742CB2FF1300871580 /* Debug */,
				3AC696752CB2FF1300871580 /* Release */,
			);
			defaultConfigurationIsVisible = 0;
			defaultConfigurationName = Release;
		};
		3AC696762CB2FF1300871580 /* Build configuration list for PBXNativeTarget "libIso18013-exampleUITests" */ = {
			isa = XCConfigurationList;
			buildConfigurations = (
				3AC696772CB2FF1300871580 /* Debug */,
				3AC696782CB2FF1300871580 /* Release */,
			);
			defaultConfigurationIsVisible = 0;
			defaultConfigurationName = Release;
		};
/* End XCConfigurationList section */
	};
	rootObject = 3AC696432CB2FF1200871580 /* Project object */;
}
