// !$*UTF8*$!
{
	archiveVersion = 1;
	classes = {
	};
	objectVersion = 77;
	objects = {

/* Begin PBXBuildFile section */
		3A405EEE2CAFDA050069998C /* DocumentError.swift in Sources */ = {isa = PBXBuildFile; fileRef = 3A405EED2CAFD9FF0069998C /* DocumentError.swift */; };
		3A405EF12CAFDACC0069998C /* DeviceResponse.swift in Sources */ = {isa = PBXBuildFile; fileRef = 3A405EF02CAFDAC70069998C /* DeviceResponse.swift */; };
		3A652A262CAE97C700B0D6E4 /* DeviceResponseTests.swift in Sources */ = {isa = PBXBuildFile; fileRef = 3A652A252CAE97C600B0D6E4 /* DeviceResponseTests.swift */; };
		3A652A282CAE99B800B0D6E4 /* TestData.swift in Sources */ = {isa = PBXBuildFile; fileRef = 3A652A272CAE99B700B0D6E4 /* TestData.swift */; };
		3A652A2A2CAE9B3400B0D6E4 /* DrivingPrivilegesTests.swift in Sources */ = {isa = PBXBuildFile; fileRef = 3A652A292CAE9B3300B0D6E4 /* DrivingPrivilegesTests.swift */; };
		3A652A922CAEA49A00B0D6E4 /* CBOREncodableTests.swift in Sources */ = {isa = PBXBuildFile; fileRef = 3A652A912CAEA49700B0D6E4 /* CBOREncodableTests.swift */; };
		3AEC7E7C2CB58B8700606D7E /* ErrorHandler.swift in Sources */ = {isa = PBXBuildFile; fileRef = 3AEC7E7B2CB58B8600606D7E /* ErrorHandler.swift */; };
		3D14E5472CABE5C200E15A46 /* libIso18013.framework in Frameworks */ = {isa = PBXBuildFile; fileRef = 3D14E53C2CABE5C100E15A46 /* libIso18013.framework */; };
		3D14E6462CAD8C0A00E15A46 /* libIso18013.h in Headers */ = {isa = PBXBuildFile; fileRef = 3D14E6422CAD8C0A00E15A46 /* libIso18013.h */; settings = {ATTRIBUTES = (Public, ); }; };
		3D14E6472CAD8C0A00E15A46 /* libIso18013.docc in Sources */ = {isa = PBXBuildFile; fileRef = 3D14E6432CAD8C0A00E15A46 /* libIso18013.docc */; };
		3D14E6482CAD8C0A00E15A46 /* LibIso18013Utils.swift in Sources */ = {isa = PBXBuildFile; fileRef = 3D14E6442CAD8C0A00E15A46 /* LibIso18013Utils.swift */; };
		3D14E64B2CAD8C0E00E15A46 /* libIso18013Tests.swift in Sources */ = {isa = PBXBuildFile; fileRef = 3D14E6492CAD8C0E00E15A46 /* libIso18013Tests.swift */; };
		3D14E64E2CAD8C3B00E15A46 /* NameValue.swift in Sources */ = {isa = PBXBuildFile; fileRef = 3D14E64D2CAD8C3B00E15A46 /* NameValue.swift */; };
		3D14E6502CAD8C5600E15A46 /* MdocDataType.swift in Sources */ = {isa = PBXBuildFile; fileRef = 3D14E64F2CAD8C5600E15A46 /* MdocDataType.swift */; };
		3D14E6522CAD8C9900E15A46 /* Document.swift in Sources */ = {isa = PBXBuildFile; fileRef = 3D14E6512CAD8C9900E15A46 /* Document.swift */; };
		3D14E6552CAD8CE700E15A46 /* SwiftCBOR in Frameworks */ = {isa = PBXBuildFile; productRef = 3D14E6542CAD8CE700E15A46 /* SwiftCBOR */; };
		3D14E6572CAD8D4E00E15A46 /* IssuerSigned.swift in Sources */ = {isa = PBXBuildFile; fileRef = 3D14E6562CAD8D4E00E15A46 /* IssuerSigned.swift */; };
		3D14E6612CAD8EB800E15A46 /* CBORDecodable.swift in Sources */ = {isa = PBXBuildFile; fileRef = 3D14E6602CAD8EB800E15A46 /* CBORDecodable.swift */; };
		3D14E6632CAD8F1200E15A46 /* CBOREncodable.swift in Sources */ = {isa = PBXBuildFile; fileRef = 3D14E6622CAD8F1200E15A46 /* CBOREncodable.swift */; };
		3D14E66C2CAD903500E15A46 /* Data+.swift in Sources */ = {isa = PBXBuildFile; fileRef = 3D14E66B2CAD903500E15A46 /* Data+.swift */; };
		3D14E66F2CAD907F00E15A46 /* Errors.swift in Sources */ = {isa = PBXBuildFile; fileRef = 3D14E66E2CAD907F00E15A46 /* Errors.swift */; };
		3D14E6722CAD915600E15A46 /* Dictionary+.swift in Sources */ = {isa = PBXBuildFile; fileRef = 3D14E6712CAD915600E15A46 /* Dictionary+.swift */; };
		3D14E6742CAD918900E15A46 /* OrderedDictionary+.swift in Sources */ = {isa = PBXBuildFile; fileRef = 3D14E6732CAD918900E15A46 /* OrderedDictionary+.swift */; };
		3D14E67A2CAD929300E15A46 /* CBOR+.swift in Sources */ = {isa = PBXBuildFile; fileRef = 3D14E6792CAD929300E15A46 /* CBOR+.swift */; };
		3D14E67D2CAD92DD00E15A46 /* String+.swift in Sources */ = {isa = PBXBuildFile; fileRef = 3D14E67C2CAD92DD00E15A46 /* String+.swift */; };
		3D14E6802CAD933600E15A46 /* DrivingPrivileges.swift in Sources */ = {isa = PBXBuildFile; fileRef = 3D14E67F2CAD933600E15A46 /* DrivingPrivileges.swift */; };
		3D14E6822CAD935500E15A46 /* DrivingPrivilege.swift in Sources */ = {isa = PBXBuildFile; fileRef = 3D14E6812CAD935500E15A46 /* DrivingPrivilege.swift */; };
		3D14E6842CAD937000E15A46 /* DrivingPrivilegeCode.swift in Sources */ = {isa = PBXBuildFile; fileRef = 3D14E6832CAD937000E15A46 /* DrivingPrivilegeCode.swift */; };
		3D14E6882CAD944200E15A46 /* IssuerNameSpaces.swift in Sources */ = {isa = PBXBuildFile; fileRef = 3D14E6872CAD944200E15A46 /* IssuerNameSpaces.swift */; };
		3D14E68A2CAD947B00E15A46 /* IssuerSignedItem.swift in Sources */ = {isa = PBXBuildFile; fileRef = 3D14E6892CAD947B00E15A46 /* IssuerSignedItem.swift */; };
		3D14E68D2CAD974B00E15A46 /* Array+.swift in Sources */ = {isa = PBXBuildFile; fileRef = 3D14E68C2CAD974B00E15A46 /* Array+.swift */; };
		3D14E6962CAE98F300E15A46 /* MobileSecurityObject.swift in Sources */ = {isa = PBXBuildFile; fileRef = 3D14E6952CAE98F300E15A46 /* MobileSecurityObject.swift */; };
		3D14E6982CAE991B00E15A46 /* DigestAlgorithmKind.swift in Sources */ = {isa = PBXBuildFile; fileRef = 3D14E6972CAE991B00E15A46 /* DigestAlgorithmKind.swift */; };
		3D14E69A2CAE993500E15A46 /* ValueDigests.swift in Sources */ = {isa = PBXBuildFile; fileRef = 3D14E6992CAE993500E15A46 /* ValueDigests.swift */; };
		3D14E69C2CAE995000E15A46 /* DigestIDs.swift in Sources */ = {isa = PBXBuildFile; fileRef = 3D14E69B2CAE995000E15A46 /* DigestIDs.swift */; };
		3D14E69F2CAE998200E15A46 /* CoseTag.swift in Sources */ = {isa = PBXBuildFile; fileRef = 3D14E69E2CAE998200E15A46 /* CoseTag.swift */; };
		3D14E6A12CAE99D100E15A46 /* ECCurveName.swift in Sources */ = {isa = PBXBuildFile; fileRef = 3D14E6A02CAE99D100E15A46 /* ECCurveName.swift */; };
		3D14E6A32CAE99DC00E15A46 /* ECCurveType.swift in Sources */ = {isa = PBXBuildFile; fileRef = 3D14E6A22CAE99DC00E15A46 /* ECCurveType.swift */; };
		3D14E6A52CAE99FB00E15A46 /* CoseKey.swift in Sources */ = {isa = PBXBuildFile; fileRef = 3D14E6A42CAE99FB00E15A46 /* CoseKey.swift */; };
		3D14E6A72CAE9A1000E15A46 /* CoseKeyPrivate.swift in Sources */ = {isa = PBXBuildFile; fileRef = 3D14E6A62CAE9A1000E15A46 /* CoseKeyPrivate.swift */; };
		3D14E6A92CAE9AE600E15A46 /* ValidityInfo.swift in Sources */ = {isa = PBXBuildFile; fileRef = 3D14E6A82CAE9AE600E15A46 /* ValidityInfo.swift */; };
		3D14E6AB2CAE9B1200E15A46 /* DeviceKeyInfo.swift in Sources */ = {isa = PBXBuildFile; fileRef = 3D14E6AA2CAE9B1200E15A46 /* DeviceKeyInfo.swift */; };
		3D14E6AD2CAE9B2600E15A46 /* KeyAuthorizations.swift in Sources */ = {isa = PBXBuildFile; fileRef = 3D14E6AC2CAE9B2600E15A46 /* KeyAuthorizations.swift */; };
		3D14E6AF2CAEA56C00E15A46 /* IssuerAuth.swift in Sources */ = {isa = PBXBuildFile; fileRef = 3D14E6AE2CAEA56C00E15A46 /* IssuerAuth.swift */; };
		3D14E6B12CAEA59800E15A46 /* Cose.swift in Sources */ = {isa = PBXBuildFile; fileRef = 3D14E6B02CAEA59800E15A46 /* Cose.swift */; };
		3D14E6C62CAFD31900E15A46 /* SecCertificate+.swift in Sources */ = {isa = PBXBuildFile; fileRef = 3D14E6C52CAFD31900E15A46 /* SecCertificate+.swift */; };
		3D14E6C92CAFE94000E15A46 /* DeviceDocument.swift in Sources */ = {isa = PBXBuildFile; fileRef = 3D14E6C82CAFE94000E15A46 /* DeviceDocument.swift */; };
		3D14E6EA2CB42CAA00E15A46 /* CoseTests.swift in Sources */ = {isa = PBXBuildFile; fileRef = 3D14E6E92CB42CA600E15A46 /* CoseTests.swift */; };
		3D179CAC2CB7BDC60061DFDC /* LibIso18013DAO.swift in Sources */ = {isa = PBXBuildFile; fileRef = 3D179CAB2CB7BD920061DFDC /* LibIso18013DAO.swift */; };
		3D179CAE2CB82CCA0061DFDC /* LibIso18013DAOTests.swift in Sources */ = {isa = PBXBuildFile; fileRef = 3D179CAD2CB82CBF0061DFDC /* LibIso18013DAOTests.swift */; };
		3D179CB02CB9074A0061DFDC /* DocumentTestData.swift in Sources */ = {isa = PBXBuildFile; fileRef = 3D179CAF2CB9074A0061DFDC /* DocumentTestData.swift */; };
		3D179CB22CB907A30061DFDC /* LibIso18013UtilsTests.swift in Sources */ = {isa = PBXBuildFile; fileRef = 3D179CB12CB9079C0061DFDC /* LibIso18013UtilsTests.swift */; };
		3D179CB52CB924DA0061DFDC /* LibIso18013DAOMemory.swift in Sources */ = {isa = PBXBuildFile; fileRef = 3D179CB42CB924D90061DFDC /* LibIso18013DAOMemory.swift */; };
		3D179CBA2CB95A370061DFDC /* KeychainAccess in Frameworks */ = {isa = PBXBuildFile; productRef = 3D179CB92CB95A370061DFDC /* KeychainAccess */; };
/* End PBXBuildFile section */

/* Begin PBXContainerItemProxy section */
		3D14E5482CABE5C200E15A46 /* PBXContainerItemProxy */ = {
			isa = PBXContainerItemProxy;
			containerPortal = 3D14E5332CABE5C100E15A46 /* Project object */;
			proxyType = 1;
			remoteGlobalIDString = 3D14E53B2CABE5C100E15A46;
			remoteInfo = libIso18013;
		};
/* End PBXContainerItemProxy section */

/* Begin PBXFileReference section */
		3A405EED2CAFD9FF0069998C /* DocumentError.swift */ = {isa = PBXFileReference; lastKnownFileType = sourcecode.swift; path = DocumentError.swift; sourceTree = "<group>"; };
		3A405EF02CAFDAC70069998C /* DeviceResponse.swift */ = {isa = PBXFileReference; lastKnownFileType = sourcecode.swift; path = DeviceResponse.swift; sourceTree = "<group>"; };
		3A652A252CAE97C600B0D6E4 /* DeviceResponseTests.swift */ = {isa = PBXFileReference; lastKnownFileType = sourcecode.swift; path = DeviceResponseTests.swift; sourceTree = "<group>"; };
		3A652A272CAE99B700B0D6E4 /* TestData.swift */ = {isa = PBXFileReference; lastKnownFileType = sourcecode.swift; path = TestData.swift; sourceTree = "<group>"; };
		3A652A292CAE9B3300B0D6E4 /* DrivingPrivilegesTests.swift */ = {isa = PBXFileReference; lastKnownFileType = sourcecode.swift; path = DrivingPrivilegesTests.swift; sourceTree = "<group>"; };
		3A652A912CAEA49700B0D6E4 /* CBOREncodableTests.swift */ = {isa = PBXFileReference; lastKnownFileType = sourcecode.swift; path = CBOREncodableTests.swift; sourceTree = "<group>"; };
		3AEC7E7B2CB58B8600606D7E /* ErrorHandler.swift */ = {isa = PBXFileReference; lastKnownFileType = sourcecode.swift; path = ErrorHandler.swift; sourceTree = "<group>"; };
		3D14E53C2CABE5C100E15A46 /* libIso18013.framework */ = {isa = PBXFileReference; explicitFileType = wrapper.framework; includeInIndex = 0; path = libIso18013.framework; sourceTree = BUILT_PRODUCTS_DIR; };
		3D14E5462CABE5C200E15A46 /* libIso18013Tests.xctest */ = {isa = PBXFileReference; explicitFileType = wrapper.cfbundle; includeInIndex = 0; path = libIso18013Tests.xctest; sourceTree = BUILT_PRODUCTS_DIR; };
		3D14E6422CAD8C0A00E15A46 /* libIso18013.h */ = {isa = PBXFileReference; lastKnownFileType = sourcecode.c.h; path = libIso18013.h; sourceTree = "<group>"; };
		3D14E6432CAD8C0A00E15A46 /* libIso18013.docc */ = {isa = PBXFileReference; lastKnownFileType = folder.documentationcatalog; path = libIso18013.docc; sourceTree = "<group>"; };
		3D14E6442CAD8C0A00E15A46 /* LibIso18013Utils.swift */ = {isa = PBXFileReference; lastKnownFileType = sourcecode.swift; path = LibIso18013Utils.swift; sourceTree = "<group>"; };
		3D14E6492CAD8C0E00E15A46 /* libIso18013Tests.swift */ = {isa = PBXFileReference; lastKnownFileType = sourcecode.swift; path = libIso18013Tests.swift; sourceTree = "<group>"; };
		3D14E64D2CAD8C3B00E15A46 /* NameValue.swift */ = {isa = PBXFileReference; lastKnownFileType = sourcecode.swift; path = NameValue.swift; sourceTree = "<group>"; };
		3D14E64F2CAD8C5600E15A46 /* MdocDataType.swift */ = {isa = PBXFileReference; lastKnownFileType = sourcecode.swift; path = MdocDataType.swift; sourceTree = "<group>"; };
		3D14E6512CAD8C9900E15A46 /* Document.swift */ = {isa = PBXFileReference; lastKnownFileType = sourcecode.swift; path = Document.swift; sourceTree = "<group>"; };
		3D14E6562CAD8D4E00E15A46 /* IssuerSigned.swift */ = {isa = PBXFileReference; lastKnownFileType = sourcecode.swift; path = IssuerSigned.swift; sourceTree = "<group>"; };
		3D14E6602CAD8EB800E15A46 /* CBORDecodable.swift */ = {isa = PBXFileReference; lastKnownFileType = sourcecode.swift; path = CBORDecodable.swift; sourceTree = "<group>"; };
		3D14E6622CAD8F1200E15A46 /* CBOREncodable.swift */ = {isa = PBXFileReference; lastKnownFileType = sourcecode.swift; path = CBOREncodable.swift; sourceTree = "<group>"; };
		3D14E66B2CAD903500E15A46 /* Data+.swift */ = {isa = PBXFileReference; lastKnownFileType = sourcecode.swift; path = "Data+.swift"; sourceTree = "<group>"; };
		3D14E66E2CAD907F00E15A46 /* Errors.swift */ = {isa = PBXFileReference; lastKnownFileType = sourcecode.swift; path = Errors.swift; sourceTree = "<group>"; };
		3D14E6712CAD915600E15A46 /* Dictionary+.swift */ = {isa = PBXFileReference; lastKnownFileType = sourcecode.swift; path = "Dictionary+.swift"; sourceTree = "<group>"; };
		3D14E6732CAD918900E15A46 /* OrderedDictionary+.swift */ = {isa = PBXFileReference; lastKnownFileType = sourcecode.swift; path = "OrderedDictionary+.swift"; sourceTree = "<group>"; };
		3D14E6792CAD929300E15A46 /* CBOR+.swift */ = {isa = PBXFileReference; lastKnownFileType = sourcecode.swift; path = "CBOR+.swift"; sourceTree = "<group>"; };
		3D14E67C2CAD92DD00E15A46 /* String+.swift */ = {isa = PBXFileReference; lastKnownFileType = sourcecode.swift; path = "String+.swift"; sourceTree = "<group>"; };
		3D14E67F2CAD933600E15A46 /* DrivingPrivileges.swift */ = {isa = PBXFileReference; lastKnownFileType = sourcecode.swift; path = DrivingPrivileges.swift; sourceTree = "<group>"; };
		3D14E6812CAD935500E15A46 /* DrivingPrivilege.swift */ = {isa = PBXFileReference; lastKnownFileType = sourcecode.swift; path = DrivingPrivilege.swift; sourceTree = "<group>"; };
		3D14E6832CAD937000E15A46 /* DrivingPrivilegeCode.swift */ = {isa = PBXFileReference; lastKnownFileType = sourcecode.swift; path = DrivingPrivilegeCode.swift; sourceTree = "<group>"; };
		3D14E6872CAD944200E15A46 /* IssuerNameSpaces.swift */ = {isa = PBXFileReference; lastKnownFileType = sourcecode.swift; path = IssuerNameSpaces.swift; sourceTree = "<group>"; };
		3D14E6892CAD947B00E15A46 /* IssuerSignedItem.swift */ = {isa = PBXFileReference; lastKnownFileType = sourcecode.swift; path = IssuerSignedItem.swift; sourceTree = "<group>"; };
		3D14E68C2CAD974B00E15A46 /* Array+.swift */ = {isa = PBXFileReference; lastKnownFileType = sourcecode.swift; path = "Array+.swift"; sourceTree = "<group>"; };
		3D14E6952CAE98F300E15A46 /* MobileSecurityObject.swift */ = {isa = PBXFileReference; lastKnownFileType = sourcecode.swift; path = MobileSecurityObject.swift; sourceTree = "<group>"; };
		3D14E6972CAE991B00E15A46 /* DigestAlgorithmKind.swift */ = {isa = PBXFileReference; lastKnownFileType = sourcecode.swift; path = DigestAlgorithmKind.swift; sourceTree = "<group>"; };
		3D14E6992CAE993500E15A46 /* ValueDigests.swift */ = {isa = PBXFileReference; lastKnownFileType = sourcecode.swift; path = ValueDigests.swift; sourceTree = "<group>"; };
		3D14E69B2CAE995000E15A46 /* DigestIDs.swift */ = {isa = PBXFileReference; lastKnownFileType = sourcecode.swift; path = DigestIDs.swift; sourceTree = "<group>"; };
		3D14E69E2CAE998200E15A46 /* CoseTag.swift */ = {isa = PBXFileReference; lastKnownFileType = sourcecode.swift; path = CoseTag.swift; sourceTree = "<group>"; };
		3D14E6A02CAE99D100E15A46 /* ECCurveName.swift */ = {isa = PBXFileReference; lastKnownFileType = sourcecode.swift; path = ECCurveName.swift; sourceTree = "<group>"; };
		3D14E6A22CAE99DC00E15A46 /* ECCurveType.swift */ = {isa = PBXFileReference; lastKnownFileType = sourcecode.swift; path = ECCurveType.swift; sourceTree = "<group>"; };
		3D14E6A42CAE99FB00E15A46 /* CoseKey.swift */ = {isa = PBXFileReference; lastKnownFileType = sourcecode.swift; path = CoseKey.swift; sourceTree = "<group>"; };
		3D14E6A62CAE9A1000E15A46 /* CoseKeyPrivate.swift */ = {isa = PBXFileReference; lastKnownFileType = sourcecode.swift; path = CoseKeyPrivate.swift; sourceTree = "<group>"; };
		3D14E6A82CAE9AE600E15A46 /* ValidityInfo.swift */ = {isa = PBXFileReference; lastKnownFileType = sourcecode.swift; path = ValidityInfo.swift; sourceTree = "<group>"; };
		3D14E6AA2CAE9B1200E15A46 /* DeviceKeyInfo.swift */ = {isa = PBXFileReference; lastKnownFileType = sourcecode.swift; path = DeviceKeyInfo.swift; sourceTree = "<group>"; };
		3D14E6AC2CAE9B2600E15A46 /* KeyAuthorizations.swift */ = {isa = PBXFileReference; lastKnownFileType = sourcecode.swift; path = KeyAuthorizations.swift; sourceTree = "<group>"; };
		3D14E6AE2CAEA56C00E15A46 /* IssuerAuth.swift */ = {isa = PBXFileReference; lastKnownFileType = sourcecode.swift; path = IssuerAuth.swift; sourceTree = "<group>"; };
		3D14E6B02CAEA59800E15A46 /* Cose.swift */ = {isa = PBXFileReference; lastKnownFileType = sourcecode.swift; path = Cose.swift; sourceTree = "<group>"; };
		3D14E6C52CAFD31900E15A46 /* SecCertificate+.swift */ = {isa = PBXFileReference; lastKnownFileType = sourcecode.swift; path = "SecCertificate+.swift"; sourceTree = "<group>"; };
		3D14E6C82CAFE94000E15A46 /* DeviceDocument.swift */ = {isa = PBXFileReference; lastKnownFileType = sourcecode.swift; path = DeviceDocument.swift; sourceTree = "<group>"; };
		3D14E6E92CB42CA600E15A46 /* CoseTests.swift */ = {isa = PBXFileReference; lastKnownFileType = sourcecode.swift; path = CoseTests.swift; sourceTree = "<group>"; };
		3D179CAB2CB7BD920061DFDC /* LibIso18013DAO.swift */ = {isa = PBXFileReference; lastKnownFileType = sourcecode.swift; path = LibIso18013DAO.swift; sourceTree = "<group>"; };
		3D179CAD2CB82CBF0061DFDC /* LibIso18013DAOTests.swift */ = {isa = PBXFileReference; lastKnownFileType = sourcecode.swift; path = LibIso18013DAOTests.swift; sourceTree = "<group>"; };
		3D179CAF2CB9074A0061DFDC /* DocumentTestData.swift */ = {isa = PBXFileReference; lastKnownFileType = sourcecode.swift; path = DocumentTestData.swift; sourceTree = "<group>"; };
		3D179CB12CB9079C0061DFDC /* LibIso18013UtilsTests.swift */ = {isa = PBXFileReference; lastKnownFileType = sourcecode.swift; path = LibIso18013UtilsTests.swift; sourceTree = "<group>"; };
		3D179CB42CB924D90061DFDC /* LibIso18013DAOMemory.swift */ = {isa = PBXFileReference; lastKnownFileType = sourcecode.swift; path = LibIso18013DAOMemory.swift; sourceTree = "<group>"; };
/* End PBXFileReference section */

/* Begin PBXFrameworksBuildPhase section */
		3D14E5392CABE5C100E15A46 /* Frameworks */ = {
			isa = PBXFrameworksBuildPhase;
			buildActionMask = 2147483647;
			files = (
				3D179CBA2CB95A370061DFDC /* KeychainAccess in Frameworks */,
				3D14E6552CAD8CE700E15A46 /* SwiftCBOR in Frameworks */,
			);
			runOnlyForDeploymentPostprocessing = 0;
		};
		3D14E5432CABE5C200E15A46 /* Frameworks */ = {
			isa = PBXFrameworksBuildPhase;
			buildActionMask = 2147483647;
			files = (
				3D14E5472CABE5C200E15A46 /* libIso18013.framework in Frameworks */,
			);
			runOnlyForDeploymentPostprocessing = 0;
		};
/* End PBXFrameworksBuildPhase section */

/* Begin PBXGroup section */
		3A405EEF2CAFDABC0069998C /* Device */ = {
			isa = PBXGroup;
			children = (
				3A405EF02CAFDAC70069998C /* DeviceResponse.swift */,
			);
			path = Device;
			sourceTree = "<group>";
		};
		3A405EF22CAFDE330069998C /* Documents */ = {
			isa = PBXGroup;
			children = (
				3D179CAF2CB9074A0061DFDC /* DocumentTestData.swift */,
				3A652A272CAE99B700B0D6E4 /* TestData.swift */,
			);
			path = Documents;
			sourceTree = "<group>";
		};
		3D14E5322CABE5C100E15A46 = {
			isa = PBXGroup;
			children = (
				3D14E6452CAD8C0A00E15A46 /* libIso18013 */,
				3D14E64A2CAD8C0E00E15A46 /* libIso18013Tests */,
				3D14E53D2CABE5C100E15A46 /* Products */,
			);
			sourceTree = "<group>";
		};
		3D14E53D2CABE5C100E15A46 /* Products */ = {
			isa = PBXGroup;
			children = (
				3D14E53C2CABE5C100E15A46 /* libIso18013.framework */,
				3D14E5462CABE5C200E15A46 /* libIso18013Tests.xctest */,
			);
			name = Products;
			sourceTree = "<group>";
		};
		3D14E6452CAD8C0A00E15A46 /* libIso18013 */ = {
			isa = PBXGroup;
			children = (
				3D179CB32CB924CF0061DFDC /* DAO */,
				3D179CAB2CB7BD920061DFDC /* LibIso18013DAO.swift */,
				3D14E6C72CAFE92E00E15A46 /* DeviceDocument */,
				3D14E6442CAD8C0A00E15A46 /* LibIso18013Utils.swift */,
				3D14E6642CAD8F2900E15A46 /* CBOR */,
				3D14E68E2CAD97C900E15A46 /* Extensions */,
				3D14E66D2CAD907800E15A46 /* Errors */,
				3A405EEF2CAFDABC0069998C /* Device */,
				3D14E64C2CAD8C1100E15A46 /* Document */,
				3D14E6422CAD8C0A00E15A46 /* libIso18013.h */,
				3D14E6432CAD8C0A00E15A46 /* libIso18013.docc */,
			);
			path = libIso18013;
			sourceTree = "<group>";
		};
		3D14E64A2CAD8C0E00E15A46 /* libIso18013Tests */ = {
			isa = PBXGroup;
			children = (
				3D179CB12CB9079C0061DFDC /* LibIso18013UtilsTests.swift */,
				3D179CAD2CB82CBF0061DFDC /* LibIso18013DAOTests.swift */,
				3D14E6E92CB42CA600E15A46 /* CoseTests.swift */,
				3A405EF22CAFDE330069998C /* Documents */,
				3A652A912CAEA49700B0D6E4 /* CBOREncodableTests.swift */,
				3A652A292CAE9B3300B0D6E4 /* DrivingPrivilegesTests.swift */,
				3A652A252CAE97C600B0D6E4 /* DeviceResponseTests.swift */,
				3D14E6492CAD8C0E00E15A46 /* libIso18013Tests.swift */,
			);
			path = libIso18013Tests;
			sourceTree = "<group>";
		};
		3D14E64C2CAD8C1100E15A46 /* Document */ = {
			isa = PBXGroup;
			children = (
				3D14E6512CAD8C9900E15A46 /* Document.swift */,
				3D14E6562CAD8D4E00E15A46 /* IssuerSigned.swift */,
				3D14E6AE2CAEA56C00E15A46 /* IssuerAuth.swift */,
				3D14E6892CAD947B00E15A46 /* IssuerSignedItem.swift */,
				3D14E6872CAD944200E15A46 /* IssuerNameSpaces.swift */,
				3D14E64D2CAD8C3B00E15A46 /* NameValue.swift */,
				3D14E6942CAE98B000E15A46 /* Security */,
				3D14E67E2CAD932D00E15A46 /* DrivingPrivileges */,
				3D14E64F2CAD8C5600E15A46 /* MdocDataType.swift */,
			);
			path = Document;
			sourceTree = "<group>";
		};
		3D14E6642CAD8F2900E15A46 /* CBOR */ = {
			isa = PBXGroup;
			children = (
				3D14E6602CAD8EB800E15A46 /* CBORDecodable.swift */,
				3D14E6622CAD8F1200E15A46 /* CBOREncodable.swift */,
			);
			path = CBOR;
			sourceTree = "<group>";
		};
		3D14E66D2CAD907800E15A46 /* Errors */ = {
			isa = PBXGroup;
			children = (
				3AEC7E7B2CB58B8600606D7E /* ErrorHandler.swift */,
				3A405EED2CAFD9FF0069998C /* DocumentError.swift */,
				3D14E66E2CAD907F00E15A46 /* Errors.swift */,
			);
			path = Errors;
			sourceTree = "<group>";
		};
		3D14E67E2CAD932D00E15A46 /* DrivingPrivileges */ = {
			isa = PBXGroup;
			children = (
				3D14E6832CAD937000E15A46 /* DrivingPrivilegeCode.swift */,
				3D14E6812CAD935500E15A46 /* DrivingPrivilege.swift */,
				3D14E67F2CAD933600E15A46 /* DrivingPrivileges.swift */,
			);
			path = DrivingPrivileges;
			sourceTree = "<group>";
		};
		3D14E68E2CAD97C900E15A46 /* Extensions */ = {
			isa = PBXGroup;
			children = (
				3D14E6C52CAFD31900E15A46 /* SecCertificate+.swift */,
				3D14E66B2CAD903500E15A46 /* Data+.swift */,
				3D14E6792CAD929300E15A46 /* CBOR+.swift */,
				3D14E6732CAD918900E15A46 /* OrderedDictionary+.swift */,
				3D14E67C2CAD92DD00E15A46 /* String+.swift */,
				3D14E6712CAD915600E15A46 /* Dictionary+.swift */,
				3D14E68C2CAD974B00E15A46 /* Array+.swift */,
			);
			path = Extensions;
			sourceTree = "<group>";
		};
		3D14E6942CAE98B000E15A46 /* Security */ = {
			isa = PBXGroup;
			children = (
				3D14E6AC2CAE9B2600E15A46 /* KeyAuthorizations.swift */,
				3D14E6AA2CAE9B1200E15A46 /* DeviceKeyInfo.swift */,
				3D14E6A82CAE9AE600E15A46 /* ValidityInfo.swift */,
				3D14E69D2CAE997C00E15A46 /* Cose */,
				3D14E69B2CAE995000E15A46 /* DigestIDs.swift */,
				3D14E6992CAE993500E15A46 /* ValueDigests.swift */,
				3D14E6972CAE991B00E15A46 /* DigestAlgorithmKind.swift */,
				3D14E6952CAE98F300E15A46 /* MobileSecurityObject.swift */,
			);
			path = Security;
			sourceTree = "<group>";
		};
		3D14E69D2CAE997C00E15A46 /* Cose */ = {
			isa = PBXGroup;
			children = (
				3D14E6B02CAEA59800E15A46 /* Cose.swift */,
				3D14E6A62CAE9A1000E15A46 /* CoseKeyPrivate.swift */,
				3D14E6A42CAE99FB00E15A46 /* CoseKey.swift */,
				3D14E6A22CAE99DC00E15A46 /* ECCurveType.swift */,
				3D14E6A02CAE99D100E15A46 /* ECCurveName.swift */,
				3D14E69E2CAE998200E15A46 /* CoseTag.swift */,
			);
			path = Cose;
			sourceTree = "<group>";
		};
		3D14E6C72CAFE92E00E15A46 /* DeviceDocument */ = {
			isa = PBXGroup;
			children = (
				3D14E6C82CAFE94000E15A46 /* DeviceDocument.swift */,
			);
			path = DeviceDocument;
			sourceTree = "<group>";
		};
		3D179CB32CB924CF0061DFDC /* DAO */ = {
			isa = PBXGroup;
			children = (
				3D179CB42CB924D90061DFDC /* LibIso18013DAOMemory.swift */,
			);
			path = DAO;
			sourceTree = "<group>";
		};
/* End PBXGroup section */

/* Begin PBXHeadersBuildPhase section */
		3D14E5372CABE5C100E15A46 /* Headers */ = {
			isa = PBXHeadersBuildPhase;
			buildActionMask = 2147483647;
			files = (
				3D14E6462CAD8C0A00E15A46 /* libIso18013.h in Headers */,
			);
			runOnlyForDeploymentPostprocessing = 0;
		};
/* End PBXHeadersBuildPhase section */

/* Begin PBXNativeTarget section */
		3D14E53B2CABE5C100E15A46 /* libIso18013 */ = {
			isa = PBXNativeTarget;
			buildConfigurationList = 3D14E54F2CABE5C200E15A46 /* Build configuration list for PBXNativeTarget "libIso18013" */;
			buildPhases = (
				3D14E5372CABE5C100E15A46 /* Headers */,
				3D14E5382CABE5C100E15A46 /* Sources */,
				3D14E5392CABE5C100E15A46 /* Frameworks */,
				3D14E53A2CABE5C100E15A46 /* Resources */,
			);
			buildRules = (
			);
			dependencies = (
			);
			name = libIso18013;
			packageProductDependencies = (
				3D14E6542CAD8CE700E15A46 /* SwiftCBOR */,
				3D179CB92CB95A370061DFDC /* KeychainAccess */,
			);
			productName = libIso18013;
			productReference = 3D14E53C2CABE5C100E15A46 /* libIso18013.framework */;
			productType = "com.apple.product-type.framework";
		};
		3D14E5452CABE5C200E15A46 /* libIso18013Tests */ = {
			isa = PBXNativeTarget;
			buildConfigurationList = 3D14E5542CABE5C200E15A46 /* Build configuration list for PBXNativeTarget "libIso18013Tests" */;
			buildPhases = (
				3D14E5422CABE5C200E15A46 /* Sources */,
				3D14E5432CABE5C200E15A46 /* Frameworks */,
				3D14E5442CABE5C200E15A46 /* Resources */,
			);
			buildRules = (
			);
			dependencies = (
				3D14E5492CABE5C200E15A46 /* PBXTargetDependency */,
			);
			name = libIso18013Tests;
			packageProductDependencies = (
			);
			productName = libIso18013Tests;
			productReference = 3D14E5462CABE5C200E15A46 /* libIso18013Tests.xctest */;
			productType = "com.apple.product-type.bundle.unit-test";
		};
/* End PBXNativeTarget section */

/* Begin PBXProject section */
		3D14E5332CABE5C100E15A46 /* Project object */ = {
			isa = PBXProject;
			attributes = {
				BuildIndependentTargetsInParallel = 1;
				LastSwiftUpdateCheck = 1600;
				LastUpgradeCheck = 1600;
				TargetAttributes = {
					3D14E53B2CABE5C100E15A46 = {
						CreatedOnToolsVersion = 16.0;
					};
					3D14E5452CABE5C200E15A46 = {
						CreatedOnToolsVersion = 16.0;
					};
				};
			};
			buildConfigurationList = 3D14E5362CABE5C100E15A46 /* Build configuration list for PBXProject "libIso18013" */;
			developmentRegion = en;
			hasScannedForEncodings = 0;
			knownRegions = (
				en,
				Base,
			);
			mainGroup = 3D14E5322CABE5C100E15A46;
			minimizedProjectReferenceProxies = 1;
			packageReferences = (
				3D14E6532CAD8CE700E15A46 /* XCRemoteSwiftPackageReference "SwiftCBOR" */,
				3D179CB82CB95A370061DFDC /* XCRemoteSwiftPackageReference "KeychainAccess" */,
			);
			preferredProjectObjectVersion = 77;
			productRefGroup = 3D14E53D2CABE5C100E15A46 /* Products */;
			projectDirPath = "";
			projectRoot = "";
			targets = (
				3D14E53B2CABE5C100E15A46 /* libIso18013 */,
				3D14E5452CABE5C200E15A46 /* libIso18013Tests */,
			);
		};
/* End PBXProject section */

/* Begin PBXResourcesBuildPhase section */
		3D14E53A2CABE5C100E15A46 /* Resources */ = {
			isa = PBXResourcesBuildPhase;
			buildActionMask = 2147483647;
			files = (
			);
			runOnlyForDeploymentPostprocessing = 0;
		};
		3D14E5442CABE5C200E15A46 /* Resources */ = {
			isa = PBXResourcesBuildPhase;
			buildActionMask = 2147483647;
			files = (
			);
			runOnlyForDeploymentPostprocessing = 0;
		};
/* End PBXResourcesBuildPhase section */

/* Begin PBXSourcesBuildPhase section */
		3D14E5382CABE5C100E15A46 /* Sources */ = {
			isa = PBXSourcesBuildPhase;
			buildActionMask = 2147483647;
			files = (
				3D14E69F2CAE998200E15A46 /* CoseTag.swift in Sources */,
				3D14E6502CAD8C5600E15A46 /* MdocDataType.swift in Sources */,
				3D14E6632CAD8F1200E15A46 /* CBOREncodable.swift in Sources */,
				3D14E64E2CAD8C3B00E15A46 /* NameValue.swift in Sources */,
				3D14E6962CAE98F300E15A46 /* MobileSecurityObject.swift in Sources */,
				3D14E6B12CAEA59800E15A46 /* Cose.swift in Sources */,
				3D14E6C92CAFE94000E15A46 /* DeviceDocument.swift in Sources */,
				3D14E6822CAD935500E15A46 /* DrivingPrivilege.swift in Sources */,
				3D14E68D2CAD974B00E15A46 /* Array+.swift in Sources */,
				3D14E66F2CAD907F00E15A46 /* Errors.swift in Sources */,
				3D14E6AB2CAE9B1200E15A46 /* DeviceKeyInfo.swift in Sources */,
				3D14E6572CAD8D4E00E15A46 /* IssuerSigned.swift in Sources */,
				3D14E6742CAD918900E15A46 /* OrderedDictionary+.swift in Sources */,
				3D14E67D2CAD92DD00E15A46 /* String+.swift in Sources */,
				3D14E6802CAD933600E15A46 /* DrivingPrivileges.swift in Sources */,
				3D14E6472CAD8C0A00E15A46 /* libIso18013.docc in Sources */,
				3D14E6A72CAE9A1000E15A46 /* CoseKeyPrivate.swift in Sources */,
				3D14E6882CAD944200E15A46 /* IssuerNameSpaces.swift in Sources */,
				3D179CAC2CB7BDC60061DFDC /* LibIso18013DAO.swift in Sources */,
				3A405EEE2CAFDA050069998C /* DocumentError.swift in Sources */,
				3D14E6A92CAE9AE600E15A46 /* ValidityInfo.swift in Sources */,
				3D14E69A2CAE993500E15A46 /* ValueDigests.swift in Sources */,
				3D14E6A52CAE99FB00E15A46 /* CoseKey.swift in Sources */,
				3D14E6982CAE991B00E15A46 /* DigestAlgorithmKind.swift in Sources */,
				3D14E6482CAD8C0A00E15A46 /* LibIso18013Utils.swift in Sources */,
				3D14E68A2CAD947B00E15A46 /* IssuerSignedItem.swift in Sources */,
				3D14E6722CAD915600E15A46 /* Dictionary+.swift in Sources */,
				3D14E69C2CAE995000E15A46 /* DigestIDs.swift in Sources */,
				3D14E66C2CAD903500E15A46 /* Data+.swift in Sources */,
				3D14E6522CAD8C9900E15A46 /* Document.swift in Sources */,
				3A405EF12CAFDACC0069998C /* DeviceResponse.swift in Sources */,
				3D14E6A12CAE99D100E15A46 /* ECCurveName.swift in Sources */,
				3D14E6A32CAE99DC00E15A46 /* ECCurveType.swift in Sources */,
				3D14E67A2CAD929300E15A46 /* CBOR+.swift in Sources */,
				3D14E6C62CAFD31900E15A46 /* SecCertificate+.swift in Sources */,
				3D179CB52CB924DA0061DFDC /* LibIso18013DAOMemory.swift in Sources */,
				3D14E6AF2CAEA56C00E15A46 /* IssuerAuth.swift in Sources */,
				3D14E6612CAD8EB800E15A46 /* CBORDecodable.swift in Sources */,
				3AEC7E7C2CB58B8700606D7E /* ErrorHandler.swift in Sources */,
				3D14E6842CAD937000E15A46 /* DrivingPrivilegeCode.swift in Sources */,
				3D14E6AD2CAE9B2600E15A46 /* KeyAuthorizations.swift in Sources */,
			);
			runOnlyForDeploymentPostprocessing = 0;
		};
		3D14E5422CABE5C200E15A46 /* Sources */ = {
			isa = PBXSourcesBuildPhase;
			buildActionMask = 2147483647;
			files = (
				3D179CB22CB907A30061DFDC /* LibIso18013UtilsTests.swift in Sources */,
				3A652A282CAE99B800B0D6E4 /* TestData.swift in Sources */,
				3A652A922CAEA49A00B0D6E4 /* CBOREncodableTests.swift in Sources */,
				3D179CB02CB9074A0061DFDC /* DocumentTestData.swift in Sources */,
				3D14E64B2CAD8C0E00E15A46 /* libIso18013Tests.swift in Sources */,
				3D14E6EA2CB42CAA00E15A46 /* CoseTests.swift in Sources */,
				3A652A2A2CAE9B3400B0D6E4 /* DrivingPrivilegesTests.swift in Sources */,
				3A652A262CAE97C700B0D6E4 /* DeviceResponseTests.swift in Sources */,
				3D179CAE2CB82CCA0061DFDC /* LibIso18013DAOTests.swift in Sources */,
			);
			runOnlyForDeploymentPostprocessing = 0;
		};
/* End PBXSourcesBuildPhase section */

/* Begin PBXTargetDependency section */
		3D14E5492CABE5C200E15A46 /* PBXTargetDependency */ = {
			isa = PBXTargetDependency;
			target = 3D14E53B2CABE5C100E15A46 /* libIso18013 */;
			targetProxy = 3D14E5482CABE5C200E15A46 /* PBXContainerItemProxy */;
		};
/* End PBXTargetDependency section */

/* Begin XCBuildConfiguration section */
		3D14E5502CABE5C200E15A46 /* Debug */ = {
			isa = XCBuildConfiguration;
			buildSettings = {
				BUILD_LIBRARY_FOR_DISTRIBUTION = YES;
				CODE_SIGN_STYLE = Automatic;
				CURRENT_PROJECT_VERSION = 1;
				DEFINES_MODULE = YES;
				DYLIB_COMPATIBILITY_VERSION = 1;
				DYLIB_CURRENT_VERSION = 1;
				DYLIB_INSTALL_NAME_BASE = "@rpath";
				ENABLE_MODULE_VERIFIER = YES;
				GENERATE_INFOPLIST_FILE = YES;
				INFOPLIST_KEY_NSHumanReadableCopyright = "";
				INSTALL_PATH = "$(LOCAL_LIBRARY_DIR)/Frameworks";
				LD_RUNPATH_SEARCH_PATHS = (
					"$(inherited)",
					"@executable_path/Frameworks",
					"@loader_path/Frameworks",
				);
				MARKETING_VERSION = 1.0;
				MODULE_VERIFIER_SUPPORTED_LANGUAGES = "objective-c objective-c++";
				MODULE_VERIFIER_SUPPORTED_LANGUAGE_STANDARDS = "gnu17 gnu++20";
				PRODUCT_BUNDLE_IDENTIFIER = it.pagopa.app.io.proximity.libIso18013;
				PRODUCT_NAME = "$(TARGET_NAME:c99extidentifier)";
				SKIP_INSTALL = YES;
				SUPPORTED_PLATFORMS = "iphoneos iphonesimulator";
				SUPPORTS_MACCATALYST = NO;
				SUPPORTS_MAC_DESIGNED_FOR_IPHONE_IPAD = NO;
				SUPPORTS_XR_DESIGNED_FOR_IPHONE_IPAD = NO;
				SWIFT_EMIT_LOC_STRINGS = YES;
				SWIFT_INSTALL_OBJC_HEADER = NO;
				SWIFT_VERSION = 5.0;
				TARGETED_DEVICE_FAMILY = "1,2";
			};
			name = Debug;
		};
		3D14E5512CABE5C200E15A46 /* Release */ = {
			isa = XCBuildConfiguration;
			buildSettings = {
				BUILD_LIBRARY_FOR_DISTRIBUTION = YES;
				CODE_SIGN_STYLE = Automatic;
				CURRENT_PROJECT_VERSION = 1;
				DEFINES_MODULE = YES;
				DYLIB_COMPATIBILITY_VERSION = 1;
				DYLIB_CURRENT_VERSION = 1;
				DYLIB_INSTALL_NAME_BASE = "@rpath";
				ENABLE_MODULE_VERIFIER = YES;
				GENERATE_INFOPLIST_FILE = YES;
				INFOPLIST_KEY_NSHumanReadableCopyright = "";
				INSTALL_PATH = "$(LOCAL_LIBRARY_DIR)/Frameworks";
				LD_RUNPATH_SEARCH_PATHS = (
					"$(inherited)",
					"@executable_path/Frameworks",
					"@loader_path/Frameworks",
				);
				MARKETING_VERSION = 1.0;
				MODULE_VERIFIER_SUPPORTED_LANGUAGES = "objective-c objective-c++";
				MODULE_VERIFIER_SUPPORTED_LANGUAGE_STANDARDS = "gnu17 gnu++20";
				PRODUCT_BUNDLE_IDENTIFIER = it.pagopa.app.io.proximity.libIso18013;
				PRODUCT_NAME = "$(TARGET_NAME:c99extidentifier)";
				SKIP_INSTALL = YES;
				SUPPORTED_PLATFORMS = "iphoneos iphonesimulator";
				SUPPORTS_MACCATALYST = NO;
				SUPPORTS_MAC_DESIGNED_FOR_IPHONE_IPAD = NO;
				SUPPORTS_XR_DESIGNED_FOR_IPHONE_IPAD = NO;
				SWIFT_EMIT_LOC_STRINGS = YES;
				SWIFT_INSTALL_OBJC_HEADER = NO;
				SWIFT_VERSION = 5.0;
				TARGETED_DEVICE_FAMILY = "1,2";
			};
			name = Release;
		};
		3D14E5522CABE5C200E15A46 /* Debug */ = {
			isa = XCBuildConfiguration;
			buildSettings = {
				ALWAYS_SEARCH_USER_PATHS = NO;
				ASSETCATALOG_COMPILER_GENERATE_SWIFT_ASSET_SYMBOL_EXTENSIONS = YES;
				CLANG_ANALYZER_NONNULL = YES;
				CLANG_ANALYZER_NUMBER_OBJECT_CONVERSION = YES_AGGRESSIVE;
				CLANG_CXX_LANGUAGE_STANDARD = "gnu++20";
				CLANG_ENABLE_MODULES = YES;
				CLANG_ENABLE_OBJC_ARC = YES;
				CLANG_ENABLE_OBJC_WEAK = YES;
				CLANG_WARN_BLOCK_CAPTURE_AUTORELEASING = YES;
				CLANG_WARN_BOOL_CONVERSION = YES;
				CLANG_WARN_COMMA = YES;
				CLANG_WARN_CONSTANT_CONVERSION = YES;
				CLANG_WARN_DEPRECATED_OBJC_IMPLEMENTATIONS = YES;
				CLANG_WARN_DIRECT_OBJC_ISA_USAGE = YES_ERROR;
				CLANG_WARN_DOCUMENTATION_COMMENTS = YES;
				CLANG_WARN_EMPTY_BODY = YES;
				CLANG_WARN_ENUM_CONVERSION = YES;
				CLANG_WARN_INFINITE_RECURSION = YES;
				CLANG_WARN_INT_CONVERSION = YES;
				CLANG_WARN_NON_LITERAL_NULL_CONVERSION = YES;
				CLANG_WARN_OBJC_IMPLICIT_RETAIN_SELF = YES;
				CLANG_WARN_OBJC_LITERAL_CONVERSION = YES;
				CLANG_WARN_OBJC_ROOT_CLASS = YES_ERROR;
				CLANG_WARN_QUOTED_INCLUDE_IN_FRAMEWORK_HEADER = YES;
				CLANG_WARN_RANGE_LOOP_ANALYSIS = YES;
				CLANG_WARN_STRICT_PROTOTYPES = YES;
				CLANG_WARN_SUSPICIOUS_MOVE = YES;
				CLANG_WARN_UNGUARDED_AVAILABILITY = YES_AGGRESSIVE;
				CLANG_WARN_UNREACHABLE_CODE = YES;
				CLANG_WARN__DUPLICATE_METHOD_MATCH = YES;
				COPY_PHASE_STRIP = NO;
				CURRENT_PROJECT_VERSION = 1;
				DEBUG_INFORMATION_FORMAT = dwarf;
				ENABLE_STRICT_OBJC_MSGSEND = YES;
				ENABLE_TESTABILITY = YES;
				ENABLE_USER_SCRIPT_SANDBOXING = YES;
				GCC_C_LANGUAGE_STANDARD = gnu17;
				GCC_DYNAMIC_NO_PIC = NO;
				GCC_NO_COMMON_BLOCKS = YES;
				GCC_OPTIMIZATION_LEVEL = 0;
				GCC_PREPROCESSOR_DEFINITIONS = (
					"DEBUG=1",
					"$(inherited)",
				);
				GCC_WARN_64_TO_32_BIT_CONVERSION = YES;
				GCC_WARN_ABOUT_RETURN_TYPE = YES_ERROR;
				GCC_WARN_UNDECLARED_SELECTOR = YES;
				GCC_WARN_UNINITIALIZED_AUTOS = YES_AGGRESSIVE;
				GCC_WARN_UNUSED_FUNCTION = YES;
				GCC_WARN_UNUSED_VARIABLE = YES;
				IPHONEOS_DEPLOYMENT_TARGET = 18.0;
				LOCALIZATION_PREFERS_STRING_CATALOGS = YES;
				MTL_ENABLE_DEBUG_INFO = INCLUDE_SOURCE;
				MTL_FAST_MATH = YES;
				ONLY_ACTIVE_ARCH = YES;
				SDKROOT = iphoneos;
				SWIFT_ACTIVE_COMPILATION_CONDITIONS = "DEBUG $(inherited)";
				SWIFT_OPTIMIZATION_LEVEL = "-Onone";
				VERSIONING_SYSTEM = "apple-generic";
				VERSION_INFO_PREFIX = "";
			};
			name = Debug;
		};
		3D14E5532CABE5C200E15A46 /* Release */ = {
			isa = XCBuildConfiguration;
			buildSettings = {
				ALWAYS_SEARCH_USER_PATHS = NO;
				ASSETCATALOG_COMPILER_GENERATE_SWIFT_ASSET_SYMBOL_EXTENSIONS = YES;
				CLANG_ANALYZER_NONNULL = YES;
				CLANG_ANALYZER_NUMBER_OBJECT_CONVERSION = YES_AGGRESSIVE;
				CLANG_CXX_LANGUAGE_STANDARD = "gnu++20";
				CLANG_ENABLE_MODULES = YES;
				CLANG_ENABLE_OBJC_ARC = YES;
				CLANG_ENABLE_OBJC_WEAK = YES;
				CLANG_WARN_BLOCK_CAPTURE_AUTORELEASING = YES;
				CLANG_WARN_BOOL_CONVERSION = YES;
				CLANG_WARN_COMMA = YES;
				CLANG_WARN_CONSTANT_CONVERSION = YES;
				CLANG_WARN_DEPRECATED_OBJC_IMPLEMENTATIONS = YES;
				CLANG_WARN_DIRECT_OBJC_ISA_USAGE = YES_ERROR;
				CLANG_WARN_DOCUMENTATION_COMMENTS = YES;
				CLANG_WARN_EMPTY_BODY = YES;
				CLANG_WARN_ENUM_CONVERSION = YES;
				CLANG_WARN_INFINITE_RECURSION = YES;
				CLANG_WARN_INT_CONVERSION = YES;
				CLANG_WARN_NON_LITERAL_NULL_CONVERSION = YES;
				CLANG_WARN_OBJC_IMPLICIT_RETAIN_SELF = YES;
				CLANG_WARN_OBJC_LITERAL_CONVERSION = YES;
				CLANG_WARN_OBJC_ROOT_CLASS = YES_ERROR;
				CLANG_WARN_QUOTED_INCLUDE_IN_FRAMEWORK_HEADER = YES;
				CLANG_WARN_RANGE_LOOP_ANALYSIS = YES;
				CLANG_WARN_STRICT_PROTOTYPES = YES;
				CLANG_WARN_SUSPICIOUS_MOVE = YES;
				CLANG_WARN_UNGUARDED_AVAILABILITY = YES_AGGRESSIVE;
				CLANG_WARN_UNREACHABLE_CODE = YES;
				CLANG_WARN__DUPLICATE_METHOD_MATCH = YES;
				COPY_PHASE_STRIP = NO;
				CURRENT_PROJECT_VERSION = 1;
				DEBUG_INFORMATION_FORMAT = "dwarf-with-dsym";
				ENABLE_NS_ASSERTIONS = NO;
				ENABLE_STRICT_OBJC_MSGSEND = YES;
				ENABLE_USER_SCRIPT_SANDBOXING = YES;
				GCC_C_LANGUAGE_STANDARD = gnu17;
				GCC_NO_COMMON_BLOCKS = YES;
				GCC_WARN_64_TO_32_BIT_CONVERSION = YES;
				GCC_WARN_ABOUT_RETURN_TYPE = YES_ERROR;
				GCC_WARN_UNDECLARED_SELECTOR = YES;
				GCC_WARN_UNINITIALIZED_AUTOS = YES_AGGRESSIVE;
				GCC_WARN_UNUSED_FUNCTION = YES;
				GCC_WARN_UNUSED_VARIABLE = YES;
				IPHONEOS_DEPLOYMENT_TARGET = 18.0;
				LOCALIZATION_PREFERS_STRING_CATALOGS = YES;
				MTL_ENABLE_DEBUG_INFO = NO;
				MTL_FAST_MATH = YES;
				SDKROOT = iphoneos;
				SWIFT_COMPILATION_MODE = wholemodule;
				VALIDATE_PRODUCT = YES;
				VERSIONING_SYSTEM = "apple-generic";
				VERSION_INFO_PREFIX = "";
			};
			name = Release;
		};
		3D14E5552CABE5C200E15A46 /* Debug */ = {
			isa = XCBuildConfiguration;
			buildSettings = {
				CODE_SIGN_STYLE = Automatic;
				CURRENT_PROJECT_VERSION = 1;
				GENERATE_INFOPLIST_FILE = YES;
				MARKETING_VERSION = 1.0;
				PRODUCT_BUNDLE_IDENTIFIER = it.pagopa.app.io.proximity.libIso18013Tests;
				PRODUCT_NAME = "$(TARGET_NAME)";
				SWIFT_EMIT_LOC_STRINGS = NO;
				SWIFT_VERSION = 5.0;
				TARGETED_DEVICE_FAMILY = "1,2";
			};
			name = Debug;
		};
		3D14E5562CABE5C200E15A46 /* Release */ = {
			isa = XCBuildConfiguration;
			buildSettings = {
				CODE_SIGN_STYLE = Automatic;
				CURRENT_PROJECT_VERSION = 1;
				GENERATE_INFOPLIST_FILE = YES;
				MARKETING_VERSION = 1.0;
				PRODUCT_BUNDLE_IDENTIFIER = it.pagopa.app.io.proximity.libIso18013Tests;
				PRODUCT_NAME = "$(TARGET_NAME)";
				SWIFT_EMIT_LOC_STRINGS = NO;
				SWIFT_VERSION = 5.0;
				TARGETED_DEVICE_FAMILY = "1,2";
			};
			name = Release;
		};
/* End XCBuildConfiguration section */

/* Begin XCConfigurationList section */
		3D14E5362CABE5C100E15A46 /* Build configuration list for PBXProject "libIso18013" */ = {
			isa = XCConfigurationList;
			buildConfigurations = (
				3D14E5522CABE5C200E15A46 /* Debug */,
				3D14E5532CABE5C200E15A46 /* Release */,
			);
			defaultConfigurationIsVisible = 0;
			defaultConfigurationName = Release;
		};
		3D14E54F2CABE5C200E15A46 /* Build configuration list for PBXNativeTarget "libIso18013" */ = {
			isa = XCConfigurationList;
			buildConfigurations = (
				3D14E5502CABE5C200E15A46 /* Debug */,
				3D14E5512CABE5C200E15A46 /* Release */,
			);
			defaultConfigurationIsVisible = 0;
			defaultConfigurationName = Release;
		};
		3D14E5542CABE5C200E15A46 /* Build configuration list for PBXNativeTarget "libIso18013Tests" */ = {
			isa = XCConfigurationList;
			buildConfigurations = (
				3D14E5552CABE5C200E15A46 /* Debug */,
				3D14E5562CABE5C200E15A46 /* Release */,
			);
			defaultConfigurationIsVisible = 0;
			defaultConfigurationName = Release;
		};
/* End XCConfigurationList section */

/* Begin XCRemoteSwiftPackageReference section */
		3D14E6532CAD8CE700E15A46 /* XCRemoteSwiftPackageReference "SwiftCBOR" */ = {
			isa = XCRemoteSwiftPackageReference;
			repositoryURL = "https://github.com/niscy-eudiw/SwiftCBOR.git";
			requirement = {
				kind = exactVersion;
				version = 0.5.7;
			};
		};
		3D179CB82CB95A370061DFDC /* XCRemoteSwiftPackageReference "KeychainAccess" */ = {
			isa = XCRemoteSwiftPackageReference;
			repositoryURL = "https://github.com/kishikawakatsumi/KeychainAccess";
			requirement = {
				kind = upToNextMajorVersion;
				minimumVersion = 4.2.0;
			};
		};
/* End XCRemoteSwiftPackageReference section */

/* Begin XCSwiftPackageProductDependency section */
		3D14E6542CAD8CE700E15A46 /* SwiftCBOR */ = {
			isa = XCSwiftPackageProductDependency;
			package = 3D14E6532CAD8CE700E15A46 /* XCRemoteSwiftPackageReference "SwiftCBOR" */;
			productName = SwiftCBOR;
		};
		3D179CB92CB95A370061DFDC /* KeychainAccess */ = {
			isa = XCSwiftPackageProductDependency;
			package = 3D179CB82CB95A370061DFDC /* XCRemoteSwiftPackageReference "KeychainAccess" */;
			productName = KeychainAccess;
		};
/* End XCSwiftPackageProductDependency section */
	};
	rootObject = 3D14E5332CABE5C100E15A46 /* Project object */;
}
