PODS:
  - libIso18013 (0.0.1)

DEPENDENCIES:
  - "libIso18013 (from `git@github.com:pagopa/iso18013-ios.git`, branch `feature/proximity`)"

EXTERNAL SOURCES:
  libIso18013:
    :branch: feature/proximity
    :git: "git@github.com:pagopa/iso18013-ios.git"

CHECKOUT OPTIONS:
  libIso18013:
    :commit: a921d9759aa79908297d30afe2f85298ede9d840
    :git: "git@github.com:pagopa/iso18013-ios.git"

SPEC CHECKSUMS:
  libIso18013: fa103bbed7f0c7b85635e6d9774f31207ab47180

PODFILE CHECKSUM: 16b7d879c4ada0696a508a04780d91a41e91b55b

COCOAPODS: 1.15.2
